// !$*UTF8*$!
{
	archiveVersion = 1;
	classes = {
	};
	objectVersion = 46;
	objects = {

/* Begin PBXBuildFile section */
		7F8B2E4A1E8B4976004CD5DB /* ILDStatisticsHistoryDataView.m in Sources */ = {isa = PBXBuildFile; fileRef = 7F8B2E491E8B4976004CD5DB /* ILDStatisticsHistoryDataView.m */; };
		7F8B2E501E8B4AAF004CD5DB /* ILDStatisticsHistoryDataGroupView.m in Sources */ = {isa = PBXBuildFile; fileRef = 7F8B2E4F1E8B4AAF004CD5DB /* ILDStatisticsHistoryDataGroupView.m */; };
		7F8B2E531E8B4BB0004CD5DB /* ILDStatisticsHistoryModel+IL_OperationsForViewData.m in Sources */ = {isa = PBXBuildFile; fileRef = 7F8B2E521E8B4BB0004CD5DB /* ILDStatisticsHistoryModel+IL_OperationsForViewData.m */; };
		7F8B2E561E8B4E28004CD5DB /* ILDStatisticsHistoryBarChartGroupView.m in Sources */ = {isa = PBXBuildFile; fileRef = 7F8B2E551E8B4E28004CD5DB /* ILDStatisticsHistoryBarChartGroupView.m */; };
		7F8B2E591E8B4E4E004CD5DB /* ILDBarChartDataValueFormatter.m in Sources */ = {isa = PBXBuildFile; fileRef = 7F8B2E581E8B4E4E004CD5DB /* ILDBarChartDataValueFormatter.m */; };
		7F8B2E631E8B53C9004CD5DB /* ILDStatisticsHistoryBestDiligenceGroupView.m in Sources */ = {isa = PBXBuildFile; fileRef = 7F8B2E621E8B53C9004CD5DB /* ILDStatisticsHistoryBestDiligenceGroupView.m */; };
		7FA779D61E7CE1DF00050A6A /* main.m in Sources */ = {isa = PBXBuildFile; fileRef = 7FA779D51E7CE1DF00050A6A /* main.m */; };
		7FA779D91E7CE1DF00050A6A /* AppDelegate.m in Sources */ = {isa = PBXBuildFile; fileRef = 7FA779D81E7CE1DF00050A6A /* AppDelegate.m */; };
		7FA779DC1E7CE1DF00050A6A /* ViewController.m in Sources */ = {isa = PBXBuildFile; fileRef = 7FA779DB1E7CE1DF00050A6A /* ViewController.m */; };
		7FA779DF1E7CE1DF00050A6A /* Main.storyboard in Resources */ = {isa = PBXBuildFile; fileRef = 7FA779DD1E7CE1DF00050A6A /* Main.storyboard */; };
		7FA779E11E7CE1DF00050A6A /* Assets.xcassets in Resources */ = {isa = PBXBuildFile; fileRef = 7FA779E01E7CE1DF00050A6A /* Assets.xcassets */; };
		7FA779E41E7CE1DF00050A6A /* LaunchScreen.storyboard in Resources */ = {isa = PBXBuildFile; fileRef = 7FA779E21E7CE1DF00050A6A /* LaunchScreen.storyboard */; };
		7FA779EF1E7CE1DF00050A6A /* ILDiligenceTests.m in Sources */ = {isa = PBXBuildFile; fileRef = 7FA779EE1E7CE1DF00050A6A /* ILDiligenceTests.m */; };
		7FA779FA1E7CE1DF00050A6A /* ILDiligenceUITests.m in Sources */ = {isa = PBXBuildFile; fileRef = 7FA779F91E7CE1DF00050A6A /* ILDiligenceUITests.m */; };
		7FA77A1E1E7CEACE00050A6A /* ILDBusinessLogicLayer.framework in Frameworks */ = {isa = PBXBuildFile; fileRef = 7FA77A1D1E7CEACE00050A6A /* ILDBusinessLogicLayer.framework */; };
		7FA77A1F1E7CEACE00050A6A /* ILDBusinessLogicLayer.framework in Embed Frameworks */ = {isa = PBXBuildFile; fileRef = 7FA77A1D1E7CEACE00050A6A /* ILDBusinessLogicLayer.framework */; settings = {ATTRIBUTES = (CodeSignOnCopy, RemoveHeadersOnCopy, ); }; };
		7FA77A211E7CEACE00050A6A /* ILDNetworkLayer.framework in Frameworks */ = {isa = PBXBuildFile; fileRef = 7FA77A201E7CEACE00050A6A /* ILDNetworkLayer.framework */; };
		7FA77A221E7CEACE00050A6A /* ILDNetworkLayer.framework in Embed Frameworks */ = {isa = PBXBuildFile; fileRef = 7FA77A201E7CEACE00050A6A /* ILDNetworkLayer.framework */; settings = {ATTRIBUTES = (CodeSignOnCopy, RemoveHeadersOnCopy, ); }; };
		7FA77A241E7CEACE00050A6A /* ILDPersistenceLayer.framework in Frameworks */ = {isa = PBXBuildFile; fileRef = 7FA77A231E7CEACE00050A6A /* ILDPersistenceLayer.framework */; };
		7FA77A251E7CEACE00050A6A /* ILDPersistenceLayer.framework in Embed Frameworks */ = {isa = PBXBuildFile; fileRef = 7FA77A231E7CEACE00050A6A /* ILDPersistenceLayer.framework */; settings = {ATTRIBUTES = (CodeSignOnCopy, RemoveHeadersOnCopy, ); }; };
		7FB515311EC7E5DD00289F22 /* ILDTaskListCell.m in Sources */ = {isa = PBXBuildFile; fileRef = 7FB515301EC7E5DD00289F22 /* ILDTaskListCell.m */; };
		7FB515341EC7E7B900289F22 /* ILDTaskModel+IL_OperationsForViewData.m in Sources */ = {isa = PBXBuildFile; fileRef = 7FB515331EC7E7B900289F22 /* ILDTaskModel+IL_OperationsForViewData.m */; };
		7FB515371EC7E9C600289F22 /* UIImage+IL_ContentWithColor.m in Sources */ = {isa = PBXBuildFile; fileRef = 7FB515361EC7E9C600289F22 /* UIImage+IL_ContentWithColor.m */; };
		7FB5153B1EC828C500289F22 /* ILDTaskConfigurationNavigateModeViewController.m in Sources */ = {isa = PBXBuildFile; fileRef = 7FB5153A1EC828C500289F22 /* ILDTaskConfigurationNavigateModeViewController.m */; };
		7FB5153E1EC828D900289F22 /* ILDTaskConfigurationPresentModeViewController.m in Sources */ = {isa = PBXBuildFile; fileRef = 7FB5153D1EC828D900289F22 /* ILDTaskConfigurationPresentModeViewController.m */; };
		7FB515411EC829A600289F22 /* ILDTaskConfigurationViewController.m in Sources */ = {isa = PBXBuildFile; fileRef = 7FB515401EC829A600289F22 /* ILDTaskConfigurationViewController.m */; };
		7FB515441EC82B2800289F22 /* ILDTaskConfigurationDefaultCell.m in Sources */ = {isa = PBXBuildFile; fileRef = 7FB515431EC82B2800289F22 /* ILDTaskConfigurationDefaultCell.m */; };
		7FB515471EC82B3E00289F22 /* ILDTaskConfigurationSwitchCell.m in Sources */ = {isa = PBXBuildFile; fileRef = 7FB515461EC82B3E00289F22 /* ILDTaskConfigurationSwitchCell.m */; };
		7FB5154A1EC82D6E00289F22 /* ILDTaskNameViewController.m in Sources */ = {isa = PBXBuildFile; fileRef = 7FB515491EC82D6E00289F22 /* ILDTaskNameViewController.m */; };
		7FB515591EC82E7300289F22 /* ILDColorPickerViewController.m in Sources */ = {isa = PBXBuildFile; fileRef = 7FB5154C1EC82E7300289F22 /* ILDColorPickerViewController.m */; };
		7FB5155A1EC82E7300289F22 /* ILDDiligenceTimeViewController.m in Sources */ = {isa = PBXBuildFile; fileRef = 7FB5154E1EC82E7300289F22 /* ILDDiligenceTimeViewController.m */; };
		7FB5155B1EC82E7300289F22 /* ILDRestViewController.m in Sources */ = {isa = PBXBuildFile; fileRef = 7FB515501EC82E7300289F22 /* ILDRestViewController.m */; };
		7FB5155C1EC82E7300289F22 /* ILDRestTimeViewController.m in Sources */ = {isa = PBXBuildFile; fileRef = 7FB515521EC82E7300289F22 /* ILDRestTimeViewController.m */; };
		7FB5155D1EC82E7300289F22 /* ILDMusicViewController.m in Sources */ = {isa = PBXBuildFile; fileRef = 7FB515541EC82E7300289F22 /* ILDMusicViewController.m */; };
		7FB5155E1EC82E7300289F22 /* ILDAlertViewController.m in Sources */ = {isa = PBXBuildFile; fileRef = 7FB515561EC82E7300289F22 /* ILDAlertViewController.m */; };
		7FB5155F1EC82E7300289F22 /* ILDAlertTimeViewController.m in Sources */ = {isa = PBXBuildFile; fileRef = 7FB515581EC82E7300289F22 /* ILDAlertTimeViewController.m */; };
		7FB515621EC82FC300289F22 /* ILDColorPickerCell.m in Sources */ = {isa = PBXBuildFile; fileRef = 7FB515611EC82FC300289F22 /* ILDColorPickerCell.m */; };
		7FC1D3FA1F2AD48200FAF1D1 /* ILDRestSuggestion.m in Sources */ = {isa = PBXBuildFile; fileRef = 7FC1D3F91F2AD48200FAF1D1 /* ILDRestSuggestion.m */; };
		7FDF57AA1E86092A00BE4D63 /* ILDDiligenceViewController.m in Sources */ = {isa = PBXBuildFile; fileRef = 7FDF57A91E86092A00BE4D63 /* ILDDiligenceViewController.m */; };
		7FDF57AD1E860C5600BE4D63 /* ILDMacros.m in Sources */ = {isa = PBXBuildFile; fileRef = 7FDF57AC1E860C5600BE4D63 /* ILDMacros.m */; };
		7FDF57B11E861DCF00BE4D63 /* ILDDiligenceClockViewController.m in Sources */ = {isa = PBXBuildFile; fileRef = 7FDF57B01E861DCF00BE4D63 /* ILDDiligenceClockViewController.m */; };
		7FDF57B41E861FE500BE4D63 /* ILDDiligenceClockView.m in Sources */ = {isa = PBXBuildFile; fileRef = 7FDF57B31E861FE500BE4D63 /* ILDDiligenceClockView.m */; };
		7FDF57BA1E86268900BE4D63 /* ILDTaskListViewController.m in Sources */ = {isa = PBXBuildFile; fileRef = 7FDF57B91E86268900BE4D63 /* ILDTaskListViewController.m */; };
		7FDF57BD1E8626A800BE4D63 /* ILDSettingViewController.m in Sources */ = {isa = PBXBuildFile; fileRef = 7FDF57BC1E8626A800BE4D63 /* ILDSettingViewController.m */; };
		7FDF57C01E8626C200BE4D63 /* ILDStatisticsTodayViewController.m in Sources */ = {isa = PBXBuildFile; fileRef = 7FDF57BF1E8626C200BE4D63 /* ILDStatisticsTodayViewController.m */; };
		7FDF57C41E8626FA00BE4D63 /* ILDStoryViewController.m in Sources */ = {isa = PBXBuildFile; fileRef = 7FDF57C31E8626FA00BE4D63 /* ILDStoryViewController.m */; };
		7FDF57C71E8627DC00BE4D63 /* ILDScreenshotImageManager.m in Sources */ = {isa = PBXBuildFile; fileRef = 7FDF57C61E8627DC00BE4D63 /* ILDScreenshotImageManager.m */; };
		7FDF57CA1E8627FF00BE4D63 /* UIImageEffects.m in Sources */ = {isa = PBXBuildFile; fileRef = 7FDF57C91E8627FF00BE4D63 /* UIImageEffects.m */; };
		7FDF57CD1E862DC200BE4D63 /* MusicHelper.m in Sources */ = {isa = PBXBuildFile; fileRef = 7FDF57CC1E862DC200BE4D63 /* MusicHelper.m */; };
		7FDF57E01E867DD100BE4D63 /* ILDColorHelper.m in Sources */ = {isa = PBXBuildFile; fileRef = 7FDF57DF1E867DD100BE4D63 /* ILDColorHelper.m */; };
		7FDF57E71E8766AF00BE4D63 /* taskData.plist in Resources */ = {isa = PBXBuildFile; fileRef = 7FDF57E61E8766AF00BE4D63 /* taskData.plist */; };
		7FDF57E91E8767B600BE4D63 /* 叶根友蚕燕隶书.ttf in Resources */ = {isa = PBXBuildFile; fileRef = 7FDF57E81E8767B600BE4D63 /* 叶根友蚕燕隶书.ttf */; };
		7FDF57F11E8767BC00BE4D63 /* 但愿相别不相忘.m4a in Resources */ = {isa = PBXBuildFile; fileRef = 7FDF57EA1E8767BC00BE4D63 /* 但愿相别不相忘.m4a */; };
		7FDF57F21E8767BC00BE4D63 /* 送别.m4a in Resources */ = {isa = PBXBuildFile; fileRef = 7FDF57EB1E8767BC00BE4D63 /* 送别.m4a */; };
		7FDF57F31E8767BC00BE4D63 /* 月色思念.m4a in Resources */ = {isa = PBXBuildFile; fileRef = 7FDF57EC1E8767BC00BE4D63 /* 月色思念.m4a */; };
		7FDF57F41E8767BC00BE4D63 /* 美丽的神话.m4a in Resources */ = {isa = PBXBuildFile; fileRef = 7FDF57ED1E8767BC00BE4D63 /* 美丽的神话.m4a */; };
		7FDF57F51E8767BC00BE4D63 /* 梁祝.m4a in Resources */ = {isa = PBXBuildFile; fileRef = 7FDF57EE1E8767BC00BE4D63 /* 梁祝.m4a */; };
		7FDF57F61E8767BC00BE4D63 /* 茉莉花.m4a in Resources */ = {isa = PBXBuildFile; fileRef = 7FDF57EF1E8767BC00BE4D63 /* 茉莉花.m4a */; };
		7FDF57F71E8767BC00BE4D63 /* 江南雨.m4a in Resources */ = {isa = PBXBuildFile; fileRef = 7FDF57F01E8767BC00BE4D63 /* 江南雨.m4a */; };
		7FE7BC1B1E8A1097004C1166 /* ILDBaseViewController.m in Sources */ = {isa = PBXBuildFile; fileRef = 7FE7BC1A1E8A1097004C1166 /* ILDBaseViewController.m */; };
		7FE7BC201E8A1139004C1166 /* ILDLogoView.m in Sources */ = {isa = PBXBuildFile; fileRef = 7FE7BC1F1E8A1139004C1166 /* ILDLogoView.m */; };
		7FE7BC241E8A121D004C1166 /* ILDSettingDefaultCell.m in Sources */ = {isa = PBXBuildFile; fileRef = 7FE7BC231E8A121D004C1166 /* ILDSettingDefaultCell.m */; };
		7FE7BC291E8A12BE004C1166 /* UIViewController+SendEmailInApp.m in Sources */ = {isa = PBXBuildFile; fileRef = 7FE7BC261E8A12BE004C1166 /* UIViewController+SendEmailInApp.m */; };
		7FE7BC2A1E8A12BE004C1166 /* UIViewController+Alert.m in Sources */ = {isa = PBXBuildFile; fileRef = 7FE7BC281E8A12BE004C1166 /* UIViewController+Alert.m */; };
		7FE7BC2D1E8A12D7004C1166 /* ILDAboutViewController.m in Sources */ = {isa = PBXBuildFile; fileRef = 7FE7BC2C1E8A12D7004C1166 /* ILDAboutViewController.m */; };
		7FE7BC301E8A139D004C1166 /* ILURLConstants.m in Sources */ = {isa = PBXBuildFile; fileRef = 7FE7BC2F1E8A139D004C1166 /* ILURLConstants.m */; };
		7FE7BC331E8A13A5004C1166 /* ILKeysConstants.m in Sources */ = {isa = PBXBuildFile; fileRef = 7FE7BC321E8A13A5004C1166 /* ILKeysConstants.m */; };
		7FE7BC361E8A143C004C1166 /* UILabel+StringFrame.m in Sources */ = {isa = PBXBuildFile; fileRef = 7FE7BC351E8A143C004C1166 /* UILabel+StringFrame.m */; };
		7FE7BC391E8A38E5004C1166 /* ILDSharedView.m in Sources */ = {isa = PBXBuildFile; fileRef = 7FE7BC381E8A38E5004C1166 /* ILDSharedView.m */; };
		7FE7BC3D1E8A3A2A004C1166 /* UIView+IL_ViewToImage.m in Sources */ = {isa = PBXBuildFile; fileRef = 7FE7BC3C1E8A3A2A004C1166 /* UIView+IL_ViewToImage.m */; };
		7FE7BC431E8A3CDB004C1166 /* ILDShareSDKHelper.m in Sources */ = {isa = PBXBuildFile; fileRef = 7FE7BC421E8A3CDB004C1166 /* ILDShareSDKHelper.m */; };
		7FE7BC461E8A3DFE004C1166 /* UIView+IL_CurrentController.m in Sources */ = {isa = PBXBuildFile; fileRef = 7FE7BC451E8A3DFE004C1166 /* UIView+IL_CurrentController.m */; };
		7FE7BC4B1E8A45C9004C1166 /* ILDStatisticsHistoryViewController.m in Sources */ = {isa = PBXBuildFile; fileRef = 7FE7BC4A1E8A45C9004C1166 /* ILDStatisticsHistoryViewController.m */; };
		7FE7BC4F1E8A78D6004C1166 /* ILDStatisticsTodayDataView.m in Sources */ = {isa = PBXBuildFile; fileRef = 7FE7BC4E1E8A78D6004C1166 /* ILDStatisticsTodayDataView.m */; };
		7FE7BC561E8A8AC1004C1166 /* ILDStatisticsTodayModel+IL_OperationsForViewData.m in Sources */ = {isa = PBXBuildFile; fileRef = 7FE7BC551E8A8AC1004C1166 /* ILDStatisticsTodayModel+IL_OperationsForViewData.m */; };
		7FE7BC591E8A8EA8004C1166 /* ILDPieChartDataModel+IL_OperationsForViewData.m in Sources */ = {isa = PBXBuildFile; fileRef = 7FE7BC581E8A8EA8004C1166 /* ILDPieChartDataModel+IL_OperationsForViewData.m */; };
		7FE7BC5C1E8A9410004C1166 /* ILDStatisticsHistoryBarChartView.m in Sources */ = {isa = PBXBuildFile; fileRef = 7FE7BC5B1E8A9410004C1166 /* ILDStatisticsHistoryBarChartView.m */; };
		7FE7BC5F1E8A941E004C1166 /* ILDStatisticsHistoryPieChartView.m in Sources */ = {isa = PBXBuildFile; fileRef = 7FE7BC5E1E8A941E004C1166 /* ILDStatisticsHistoryPieChartView.m */; };
		97BDE321E86EEF08CDF49FFC /* Pods_sharedPods_ILDiligence.framework in Frameworks */ = {isa = PBXBuildFile; fileRef = 50CEFF9102DE4A9A688449E8 /* Pods_sharedPods_ILDiligence.framework */; };
/* End PBXBuildFile section */

/* Begin PBXContainerItemProxy section */
		7FA779EB1E7CE1DF00050A6A /* PBXContainerItemProxy */ = {
			isa = PBXContainerItemProxy;
			containerPortal = 7FA779C91E7CE1DF00050A6A /* Project object */;
			proxyType = 1;
			remoteGlobalIDString = 7FA779D01E7CE1DF00050A6A;
			remoteInfo = ILDiligence;
		};
		7FA779F61E7CE1DF00050A6A /* PBXContainerItemProxy */ = {
			isa = PBXContainerItemProxy;
			containerPortal = 7FA779C91E7CE1DF00050A6A /* Project object */;
			proxyType = 1;
			remoteGlobalIDString = 7FA779D01E7CE1DF00050A6A;
			remoteInfo = ILDiligence;
		};
/* End PBXContainerItemProxy section */

/* Begin PBXCopyFilesBuildPhase section */
		7FA77A1C1E7CEAB000050A6A /* Embed Frameworks */ = {
			isa = PBXCopyFilesBuildPhase;
			buildActionMask = 2147483647;
			dstPath = "";
			dstSubfolderSpec = 10;
			files = (
				7FA77A1F1E7CEACE00050A6A /* ILDBusinessLogicLayer.framework in Embed Frameworks */,
				7FA77A221E7CEACE00050A6A /* ILDNetworkLayer.framework in Embed Frameworks */,
				7FA77A251E7CEACE00050A6A /* ILDPersistenceLayer.framework in Embed Frameworks */,
			);
			name = "Embed Frameworks";
			runOnlyForDeploymentPostprocessing = 0;
		};
/* End PBXCopyFilesBuildPhase section */

/* Begin PBXFileReference section */
		229D9AE58422A2BFC110C8F6 /* Pods-sharedPods-ILDiligence.release.xcconfig */ = {isa = PBXFileReference; includeInIndex = 1; lastKnownFileType = text.xcconfig; name = "Pods-sharedPods-ILDiligence.release.xcconfig"; path = "../Pods/Target Support Files/Pods-sharedPods-ILDiligence/Pods-sharedPods-ILDiligence.release.xcconfig"; sourceTree = "<group>"; };
		50CEFF9102DE4A9A688449E8 /* Pods_sharedPods_ILDiligence.framework */ = {isa = PBXFileReference; explicitFileType = wrapper.framework; includeInIndex = 0; path = Pods_sharedPods_ILDiligence.framework; sourceTree = BUILT_PRODUCTS_DIR; };
		7F8B2E481E8B4976004CD5DB /* ILDStatisticsHistoryDataView.h */ = {isa = PBXFileReference; fileEncoding = 4; lastKnownFileType = sourcecode.c.h; path = ILDStatisticsHistoryDataView.h; sourceTree = "<group>"; };
		7F8B2E491E8B4976004CD5DB /* ILDStatisticsHistoryDataView.m */ = {isa = PBXFileReference; fileEncoding = 4; lastKnownFileType = sourcecode.c.objc; path = ILDStatisticsHistoryDataView.m; sourceTree = "<group>"; };
		7F8B2E4E1E8B4AAF004CD5DB /* ILDStatisticsHistoryDataGroupView.h */ = {isa = PBXFileReference; fileEncoding = 4; lastKnownFileType = sourcecode.c.h; path = ILDStatisticsHistoryDataGroupView.h; sourceTree = "<group>"; };
		7F8B2E4F1E8B4AAF004CD5DB /* ILDStatisticsHistoryDataGroupView.m */ = {isa = PBXFileReference; fileEncoding = 4; lastKnownFileType = sourcecode.c.objc; path = ILDStatisticsHistoryDataGroupView.m; sourceTree = "<group>"; };
		7F8B2E511E8B4BB0004CD5DB /* ILDStatisticsHistoryModel+IL_OperationsForViewData.h */ = {isa = PBXFileReference; fileEncoding = 4; lastKnownFileType = sourcecode.c.h; path = "ILDStatisticsHistoryModel+IL_OperationsForViewData.h"; sourceTree = "<group>"; };
		7F8B2E521E8B4BB0004CD5DB /* ILDStatisticsHistoryModel+IL_OperationsForViewData.m */ = {isa = PBXFileReference; fileEncoding = 4; lastKnownFileType = sourcecode.c.objc; path = "ILDStatisticsHistoryModel+IL_OperationsForViewData.m"; sourceTree = "<group>"; };
		7F8B2E541E8B4E28004CD5DB /* ILDStatisticsHistoryBarChartGroupView.h */ = {isa = PBXFileReference; fileEncoding = 4; lastKnownFileType = sourcecode.c.h; path = ILDStatisticsHistoryBarChartGroupView.h; sourceTree = "<group>"; };
		7F8B2E551E8B4E28004CD5DB /* ILDStatisticsHistoryBarChartGroupView.m */ = {isa = PBXFileReference; fileEncoding = 4; lastKnownFileType = sourcecode.c.objc; path = ILDStatisticsHistoryBarChartGroupView.m; sourceTree = "<group>"; };
		7F8B2E571E8B4E4E004CD5DB /* ILDBarChartDataValueFormatter.h */ = {isa = PBXFileReference; fileEncoding = 4; lastKnownFileType = sourcecode.c.h; path = ILDBarChartDataValueFormatter.h; sourceTree = "<group>"; };
		7F8B2E581E8B4E4E004CD5DB /* ILDBarChartDataValueFormatter.m */ = {isa = PBXFileReference; fileEncoding = 4; lastKnownFileType = sourcecode.c.objc; path = ILDBarChartDataValueFormatter.m; sourceTree = "<group>"; };
		7F8B2E611E8B53C9004CD5DB /* ILDStatisticsHistoryBestDiligenceGroupView.h */ = {isa = PBXFileReference; fileEncoding = 4; lastKnownFileType = sourcecode.c.h; path = ILDStatisticsHistoryBestDiligenceGroupView.h; sourceTree = "<group>"; };
		7F8B2E621E8B53C9004CD5DB /* ILDStatisticsHistoryBestDiligenceGroupView.m */ = {isa = PBXFileReference; fileEncoding = 4; lastKnownFileType = sourcecode.c.objc; path = ILDStatisticsHistoryBestDiligenceGroupView.m; sourceTree = "<group>"; };
		7FA779D11E7CE1DF00050A6A /* ILDiligence.app */ = {isa = PBXFileReference; explicitFileType = wrapper.application; includeInIndex = 0; path = ILDiligence.app; sourceTree = BUILT_PRODUCTS_DIR; };
		7FA779D51E7CE1DF00050A6A /* main.m */ = {isa = PBXFileReference; lastKnownFileType = sourcecode.c.objc; path = main.m; sourceTree = "<group>"; };
		7FA779D71E7CE1DF00050A6A /* AppDelegate.h */ = {isa = PBXFileReference; lastKnownFileType = sourcecode.c.h; path = AppDelegate.h; sourceTree = "<group>"; };
		7FA779D81E7CE1DF00050A6A /* AppDelegate.m */ = {isa = PBXFileReference; lastKnownFileType = sourcecode.c.objc; path = AppDelegate.m; sourceTree = "<group>"; };
		7FA779DA1E7CE1DF00050A6A /* ViewController.h */ = {isa = PBXFileReference; lastKnownFileType = sourcecode.c.h; path = ViewController.h; sourceTree = "<group>"; };
		7FA779DB1E7CE1DF00050A6A /* ViewController.m */ = {isa = PBXFileReference; lastKnownFileType = sourcecode.c.objc; path = ViewController.m; sourceTree = "<group>"; };
		7FA779DE1E7CE1DF00050A6A /* Base */ = {isa = PBXFileReference; lastKnownFileType = file.storyboard; name = Base; path = Base.lproj/Main.storyboard; sourceTree = "<group>"; };
		7FA779E01E7CE1DF00050A6A /* Assets.xcassets */ = {isa = PBXFileReference; lastKnownFileType = folder.assetcatalog; path = Assets.xcassets; sourceTree = "<group>"; };
		7FA779E31E7CE1DF00050A6A /* Base */ = {isa = PBXFileReference; lastKnownFileType = file.storyboard; name = Base; path = Base.lproj/LaunchScreen.storyboard; sourceTree = "<group>"; };
		7FA779E51E7CE1DF00050A6A /* Info.plist */ = {isa = PBXFileReference; lastKnownFileType = text.plist.xml; path = Info.plist; sourceTree = "<group>"; };
		7FA779EA1E7CE1DF00050A6A /* ILDiligenceTests.xctest */ = {isa = PBXFileReference; explicitFileType = wrapper.cfbundle; includeInIndex = 0; path = ILDiligenceTests.xctest; sourceTree = BUILT_PRODUCTS_DIR; };
		7FA779EE1E7CE1DF00050A6A /* ILDiligenceTests.m */ = {isa = PBXFileReference; lastKnownFileType = sourcecode.c.objc; path = ILDiligenceTests.m; sourceTree = "<group>"; };
		7FA779F01E7CE1DF00050A6A /* Info.plist */ = {isa = PBXFileReference; lastKnownFileType = text.plist.xml; path = Info.plist; sourceTree = "<group>"; };
		7FA779F51E7CE1DF00050A6A /* ILDiligenceUITests.xctest */ = {isa = PBXFileReference; explicitFileType = wrapper.cfbundle; includeInIndex = 0; path = ILDiligenceUITests.xctest; sourceTree = BUILT_PRODUCTS_DIR; };
		7FA779F91E7CE1DF00050A6A /* ILDiligenceUITests.m */ = {isa = PBXFileReference; lastKnownFileType = sourcecode.c.objc; path = ILDiligenceUITests.m; sourceTree = "<group>"; };
		7FA779FB1E7CE1DF00050A6A /* Info.plist */ = {isa = PBXFileReference; lastKnownFileType = text.plist.xml; path = Info.plist; sourceTree = "<group>"; };
		7FA77A1D1E7CEACE00050A6A /* ILDBusinessLogicLayer.framework */ = {isa = PBXFileReference; explicitFileType = wrapper.framework; path = ILDBusinessLogicLayer.framework; sourceTree = BUILT_PRODUCTS_DIR; };
		7FA77A201E7CEACE00050A6A /* ILDNetworkLayer.framework */ = {isa = PBXFileReference; explicitFileType = wrapper.framework; path = ILDNetworkLayer.framework; sourceTree = BUILT_PRODUCTS_DIR; };
		7FA77A231E7CEACE00050A6A /* ILDPersistenceLayer.framework */ = {isa = PBXFileReference; explicitFileType = wrapper.framework; path = ILDPersistenceLayer.framework; sourceTree = BUILT_PRODUCTS_DIR; };
		7FB5152F1EC7E5DD00289F22 /* ILDTaskListCell.h */ = {isa = PBXFileReference; fileEncoding = 4; lastKnownFileType = sourcecode.c.h; path = ILDTaskListCell.h; sourceTree = "<group>"; };
		7FB515301EC7E5DD00289F22 /* ILDTaskListCell.m */ = {isa = PBXFileReference; fileEncoding = 4; lastKnownFileType = sourcecode.c.objc; path = ILDTaskListCell.m; sourceTree = "<group>"; };
		7FB515321EC7E7B900289F22 /* ILDTaskModel+IL_OperationsForViewData.h */ = {isa = PBXFileReference; fileEncoding = 4; lastKnownFileType = sourcecode.c.h; path = "ILDTaskModel+IL_OperationsForViewData.h"; sourceTree = "<group>"; };
		7FB515331EC7E7B900289F22 /* ILDTaskModel+IL_OperationsForViewData.m */ = {isa = PBXFileReference; fileEncoding = 4; lastKnownFileType = sourcecode.c.objc; path = "ILDTaskModel+IL_OperationsForViewData.m"; sourceTree = "<group>"; };
		7FB515351EC7E9C600289F22 /* UIImage+IL_ContentWithColor.h */ = {isa = PBXFileReference; fileEncoding = 4; lastKnownFileType = sourcecode.c.h; path = "UIImage+IL_ContentWithColor.h"; sourceTree = "<group>"; };
		7FB515361EC7E9C600289F22 /* UIImage+IL_ContentWithColor.m */ = {isa = PBXFileReference; fileEncoding = 4; lastKnownFileType = sourcecode.c.objc; path = "UIImage+IL_ContentWithColor.m"; sourceTree = "<group>"; };
		7FB515391EC828C500289F22 /* ILDTaskConfigurationNavigateModeViewController.h */ = {isa = PBXFileReference; fileEncoding = 4; lastKnownFileType = sourcecode.c.h; path = ILDTaskConfigurationNavigateModeViewController.h; sourceTree = "<group>"; };
		7FB5153A1EC828C500289F22 /* ILDTaskConfigurationNavigateModeViewController.m */ = {isa = PBXFileReference; fileEncoding = 4; lastKnownFileType = sourcecode.c.objc; path = ILDTaskConfigurationNavigateModeViewController.m; sourceTree = "<group>"; };
		7FB5153C1EC828D900289F22 /* ILDTaskConfigurationPresentModeViewController.h */ = {isa = PBXFileReference; fileEncoding = 4; lastKnownFileType = sourcecode.c.h; path = ILDTaskConfigurationPresentModeViewController.h; sourceTree = "<group>"; };
		7FB5153D1EC828D900289F22 /* ILDTaskConfigurationPresentModeViewController.m */ = {isa = PBXFileReference; fileEncoding = 4; lastKnownFileType = sourcecode.c.objc; path = ILDTaskConfigurationPresentModeViewController.m; sourceTree = "<group>"; };
		7FB5153F1EC829A600289F22 /* ILDTaskConfigurationViewController.h */ = {isa = PBXFileReference; fileEncoding = 4; lastKnownFileType = sourcecode.c.h; path = ILDTaskConfigurationViewController.h; sourceTree = "<group>"; };
		7FB515401EC829A600289F22 /* ILDTaskConfigurationViewController.m */ = {isa = PBXFileReference; fileEncoding = 4; lastKnownFileType = sourcecode.c.objc; path = ILDTaskConfigurationViewController.m; sourceTree = "<group>"; };
		7FB515421EC82B2800289F22 /* ILDTaskConfigurationDefaultCell.h */ = {isa = PBXFileReference; fileEncoding = 4; lastKnownFileType = sourcecode.c.h; path = ILDTaskConfigurationDefaultCell.h; sourceTree = "<group>"; };
		7FB515431EC82B2800289F22 /* ILDTaskConfigurationDefaultCell.m */ = {isa = PBXFileReference; fileEncoding = 4; lastKnownFileType = sourcecode.c.objc; path = ILDTaskConfigurationDefaultCell.m; sourceTree = "<group>"; };
		7FB515451EC82B3E00289F22 /* ILDTaskConfigurationSwitchCell.h */ = {isa = PBXFileReference; fileEncoding = 4; lastKnownFileType = sourcecode.c.h; path = ILDTaskConfigurationSwitchCell.h; sourceTree = "<group>"; };
		7FB515461EC82B3E00289F22 /* ILDTaskConfigurationSwitchCell.m */ = {isa = PBXFileReference; fileEncoding = 4; lastKnownFileType = sourcecode.c.objc; path = ILDTaskConfigurationSwitchCell.m; sourceTree = "<group>"; };
		7FB515481EC82D6E00289F22 /* ILDTaskNameViewController.h */ = {isa = PBXFileReference; fileEncoding = 4; lastKnownFileType = sourcecode.c.h; path = ILDTaskNameViewController.h; sourceTree = "<group>"; };
		7FB515491EC82D6E00289F22 /* ILDTaskNameViewController.m */ = {isa = PBXFileReference; fileEncoding = 4; lastKnownFileType = sourcecode.c.objc; path = ILDTaskNameViewController.m; sourceTree = "<group>"; };
		7FB5154B1EC82E7300289F22 /* ILDColorPickerViewController.h */ = {isa = PBXFileReference; fileEncoding = 4; lastKnownFileType = sourcecode.c.h; path = ILDColorPickerViewController.h; sourceTree = "<group>"; };
		7FB5154C1EC82E7300289F22 /* ILDColorPickerViewController.m */ = {isa = PBXFileReference; fileEncoding = 4; lastKnownFileType = sourcecode.c.objc; path = ILDColorPickerViewController.m; sourceTree = "<group>"; };
		7FB5154D1EC82E7300289F22 /* ILDDiligenceTimeViewController.h */ = {isa = PBXFileReference; fileEncoding = 4; lastKnownFileType = sourcecode.c.h; path = ILDDiligenceTimeViewController.h; sourceTree = "<group>"; };
		7FB5154E1EC82E7300289F22 /* ILDDiligenceTimeViewController.m */ = {isa = PBXFileReference; fileEncoding = 4; lastKnownFileType = sourcecode.c.objc; path = ILDDiligenceTimeViewController.m; sourceTree = "<group>"; };
		7FB5154F1EC82E7300289F22 /* ILDRestViewController.h */ = {isa = PBXFileReference; fileEncoding = 4; lastKnownFileType = sourcecode.c.h; path = ILDRestViewController.h; sourceTree = "<group>"; };
		7FB515501EC82E7300289F22 /* ILDRestViewController.m */ = {isa = PBXFileReference; fileEncoding = 4; lastKnownFileType = sourcecode.c.objc; path = ILDRestViewController.m; sourceTree = "<group>"; };
		7FB515511EC82E7300289F22 /* ILDRestTimeViewController.h */ = {isa = PBXFileReference; fileEncoding = 4; lastKnownFileType = sourcecode.c.h; path = ILDRestTimeViewController.h; sourceTree = "<group>"; };
		7FB515521EC82E7300289F22 /* ILDRestTimeViewController.m */ = {isa = PBXFileReference; fileEncoding = 4; lastKnownFileType = sourcecode.c.objc; path = ILDRestTimeViewController.m; sourceTree = "<group>"; };
		7FB515531EC82E7300289F22 /* ILDMusicViewController.h */ = {isa = PBXFileReference; fileEncoding = 4; lastKnownFileType = sourcecode.c.h; path = ILDMusicViewController.h; sourceTree = "<group>"; };
		7FB515541EC82E7300289F22 /* ILDMusicViewController.m */ = {isa = PBXFileReference; fileEncoding = 4; lastKnownFileType = sourcecode.c.objc; path = ILDMusicViewController.m; sourceTree = "<group>"; };
		7FB515551EC82E7300289F22 /* ILDAlertViewController.h */ = {isa = PBXFileReference; fileEncoding = 4; lastKnownFileType = sourcecode.c.h; path = ILDAlertViewController.h; sourceTree = "<group>"; };
		7FB515561EC82E7300289F22 /* ILDAlertViewController.m */ = {isa = PBXFileReference; fileEncoding = 4; lastKnownFileType = sourcecode.c.objc; path = ILDAlertViewController.m; sourceTree = "<group>"; };
		7FB515571EC82E7300289F22 /* ILDAlertTimeViewController.h */ = {isa = PBXFileReference; fileEncoding = 4; lastKnownFileType = sourcecode.c.h; path = ILDAlertTimeViewController.h; sourceTree = "<group>"; };
		7FB515581EC82E7300289F22 /* ILDAlertTimeViewController.m */ = {isa = PBXFileReference; fileEncoding = 4; lastKnownFileType = sourcecode.c.objc; path = ILDAlertTimeViewController.m; sourceTree = "<group>"; };
		7FB515601EC82FC300289F22 /* ILDColorPickerCell.h */ = {isa = PBXFileReference; fileEncoding = 4; lastKnownFileType = sourcecode.c.h; path = ILDColorPickerCell.h; sourceTree = "<group>"; };
		7FB515611EC82FC300289F22 /* ILDColorPickerCell.m */ = {isa = PBXFileReference; fileEncoding = 4; lastKnownFileType = sourcecode.c.objc; path = ILDColorPickerCell.m; sourceTree = "<group>"; };
		7FC1D3F81F2AD48200FAF1D1 /* ILDRestSuggestion.h */ = {isa = PBXFileReference; fileEncoding = 4; lastKnownFileType = sourcecode.c.h; path = ILDRestSuggestion.h; sourceTree = "<group>"; };
		7FC1D3F91F2AD48200FAF1D1 /* ILDRestSuggestion.m */ = {isa = PBXFileReference; fileEncoding = 4; lastKnownFileType = sourcecode.c.objc; path = ILDRestSuggestion.m; sourceTree = "<group>"; };
		7FDF57A81E86092A00BE4D63 /* ILDDiligenceViewController.h */ = {isa = PBXFileReference; fileEncoding = 4; lastKnownFileType = sourcecode.c.h; path = ILDDiligenceViewController.h; sourceTree = "<group>"; };
		7FDF57A91E86092A00BE4D63 /* ILDDiligenceViewController.m */ = {isa = PBXFileReference; fileEncoding = 4; lastKnownFileType = sourcecode.c.objc; path = ILDDiligenceViewController.m; sourceTree = "<group>"; };
		7FDF57AB1E860C5600BE4D63 /* ILDMacros.h */ = {isa = PBXFileReference; fileEncoding = 4; lastKnownFileType = sourcecode.c.h; path = ILDMacros.h; sourceTree = "<group>"; };
		7FDF57AC1E860C5600BE4D63 /* ILDMacros.m */ = {isa = PBXFileReference; fileEncoding = 4; lastKnownFileType = sourcecode.c.objc; path = ILDMacros.m; sourceTree = "<group>"; };
		7FDF57AE1E860C8D00BE4D63 /* PrefixHeader.pch */ = {isa = PBXFileReference; fileEncoding = 4; lastKnownFileType = sourcecode.c.h; path = PrefixHeader.pch; sourceTree = "<group>"; };
		7FDF57AF1E861DCF00BE4D63 /* ILDDiligenceClockViewController.h */ = {isa = PBXFileReference; fileEncoding = 4; lastKnownFileType = sourcecode.c.h; path = ILDDiligenceClockViewController.h; sourceTree = "<group>"; };
		7FDF57B01E861DCF00BE4D63 /* ILDDiligenceClockViewController.m */ = {isa = PBXFileReference; fileEncoding = 4; lastKnownFileType = sourcecode.c.objc; path = ILDDiligenceClockViewController.m; sourceTree = "<group>"; };
		7FDF57B21E861FE500BE4D63 /* ILDDiligenceClockView.h */ = {isa = PBXFileReference; fileEncoding = 4; lastKnownFileType = sourcecode.c.h; path = ILDDiligenceClockView.h; sourceTree = "<group>"; };
		7FDF57B31E861FE500BE4D63 /* ILDDiligenceClockView.m */ = {isa = PBXFileReference; fileEncoding = 4; lastKnownFileType = sourcecode.c.objc; path = ILDDiligenceClockView.m; sourceTree = "<group>"; };
		7FDF57B81E86268900BE4D63 /* ILDTaskListViewController.h */ = {isa = PBXFileReference; fileEncoding = 4; lastKnownFileType = sourcecode.c.h; path = ILDTaskListViewController.h; sourceTree = "<group>"; };
		7FDF57B91E86268900BE4D63 /* ILDTaskListViewController.m */ = {isa = PBXFileReference; fileEncoding = 4; lastKnownFileType = sourcecode.c.objc; path = ILDTaskListViewController.m; sourceTree = "<group>"; };
		7FDF57BB1E8626A800BE4D63 /* ILDSettingViewController.h */ = {isa = PBXFileReference; fileEncoding = 4; lastKnownFileType = sourcecode.c.h; path = ILDSettingViewController.h; sourceTree = "<group>"; };
		7FDF57BC1E8626A800BE4D63 /* ILDSettingViewController.m */ = {isa = PBXFileReference; fileEncoding = 4; lastKnownFileType = sourcecode.c.objc; path = ILDSettingViewController.m; sourceTree = "<group>"; };
		7FDF57BE1E8626C200BE4D63 /* ILDStatisticsTodayViewController.h */ = {isa = PBXFileReference; fileEncoding = 4; lastKnownFileType = sourcecode.c.h; path = ILDStatisticsTodayViewController.h; sourceTree = "<group>"; };
		7FDF57BF1E8626C200BE4D63 /* ILDStatisticsTodayViewController.m */ = {isa = PBXFileReference; fileEncoding = 4; lastKnownFileType = sourcecode.c.objc; path = ILDStatisticsTodayViewController.m; sourceTree = "<group>"; };
		7FDF57C21E8626FA00BE4D63 /* ILDStoryViewController.h */ = {isa = PBXFileReference; fileEncoding = 4; lastKnownFileType = sourcecode.c.h; path = ILDStoryViewController.h; sourceTree = "<group>"; };
		7FDF57C31E8626FA00BE4D63 /* ILDStoryViewController.m */ = {isa = PBXFileReference; fileEncoding = 4; lastKnownFileType = sourcecode.c.objc; path = ILDStoryViewController.m; sourceTree = "<group>"; };
		7FDF57C51E8627DC00BE4D63 /* ILDScreenshotImageManager.h */ = {isa = PBXFileReference; fileEncoding = 4; lastKnownFileType = sourcecode.c.h; path = ILDScreenshotImageManager.h; sourceTree = "<group>"; };
		7FDF57C61E8627DC00BE4D63 /* ILDScreenshotImageManager.m */ = {isa = PBXFileReference; fileEncoding = 4; lastKnownFileType = sourcecode.c.objc; path = ILDScreenshotImageManager.m; sourceTree = "<group>"; };
		7FDF57C81E8627FF00BE4D63 /* UIImageEffects.h */ = {isa = PBXFileReference; fileEncoding = 4; lastKnownFileType = sourcecode.c.h; path = UIImageEffects.h; sourceTree = "<group>"; };
		7FDF57C91E8627FF00BE4D63 /* UIImageEffects.m */ = {isa = PBXFileReference; fileEncoding = 4; lastKnownFileType = sourcecode.c.objc; path = UIImageEffects.m; sourceTree = "<group>"; };
		7FDF57CB1E862DC200BE4D63 /* MusicHelper.h */ = {isa = PBXFileReference; fileEncoding = 4; lastKnownFileType = sourcecode.c.h; path = MusicHelper.h; sourceTree = "<group>"; };
		7FDF57CC1E862DC200BE4D63 /* MusicHelper.m */ = {isa = PBXFileReference; fileEncoding = 4; lastKnownFileType = sourcecode.c.objc; path = MusicHelper.m; sourceTree = "<group>"; };
		7FDF57D11E862EB800BE4D63 /* AFNetworking.framework */ = {isa = PBXFileReference; lastKnownFileType = wrapper.framework; name = AFNetworking.framework; path = "../../../../Library/Developer/Xcode/DerivedData/ILDiligence-feexcqxyntcmcadzstzylsfygauz/Build/Products/Debug-iphonesimulator/AFNetworking/AFNetworking.framework"; sourceTree = "<group>"; };
		7FDF57DE1E867DD100BE4D63 /* ILDColorHelper.h */ = {isa = PBXFileReference; fileEncoding = 4; lastKnownFileType = sourcecode.c.h; path = ILDColorHelper.h; sourceTree = "<group>"; };
		7FDF57DF1E867DD100BE4D63 /* ILDColorHelper.m */ = {isa = PBXFileReference; fileEncoding = 4; lastKnownFileType = sourcecode.c.objc; path = ILDColorHelper.m; sourceTree = "<group>"; };
		7FDF57E61E8766AF00BE4D63 /* taskData.plist */ = {isa = PBXFileReference; fileEncoding = 4; lastKnownFileType = text.plist.xml; path = taskData.plist; sourceTree = "<group>"; };
		7FDF57E81E8767B600BE4D63 /* 叶根友蚕燕隶书.ttf */ = {isa = PBXFileReference; lastKnownFileType = file; path = "叶根友蚕燕隶书.ttf"; sourceTree = "<group>"; };
		7FDF57EA1E8767BC00BE4D63 /* 但愿相别不相忘.m4a */ = {isa = PBXFileReference; lastKnownFileType = file; path = "但愿相别不相忘.m4a"; sourceTree = "<group>"; };
		7FDF57EB1E8767BC00BE4D63 /* 送别.m4a */ = {isa = PBXFileReference; lastKnownFileType = file; path = "送别.m4a"; sourceTree = "<group>"; };
		7FDF57EC1E8767BC00BE4D63 /* 月色思念.m4a */ = {isa = PBXFileReference; lastKnownFileType = file; path = "月色思念.m4a"; sourceTree = "<group>"; };
		7FDF57ED1E8767BC00BE4D63 /* 美丽的神话.m4a */ = {isa = PBXFileReference; lastKnownFileType = file; path = "美丽的神话.m4a"; sourceTree = "<group>"; };
		7FDF57EE1E8767BC00BE4D63 /* 梁祝.m4a */ = {isa = PBXFileReference; lastKnownFileType = file; path = "梁祝.m4a"; sourceTree = "<group>"; };
		7FDF57EF1E8767BC00BE4D63 /* 茉莉花.m4a */ = {isa = PBXFileReference; lastKnownFileType = file; path = "茉莉花.m4a"; sourceTree = "<group>"; };
		7FDF57F01E8767BC00BE4D63 /* 江南雨.m4a */ = {isa = PBXFileReference; lastKnownFileType = file; path = "江南雨.m4a"; sourceTree = "<group>"; };
		7FE7BC191E8A1097004C1166 /* ILDBaseViewController.h */ = {isa = PBXFileReference; fileEncoding = 4; lastKnownFileType = sourcecode.c.h; path = ILDBaseViewController.h; sourceTree = "<group>"; };
		7FE7BC1A1E8A1097004C1166 /* ILDBaseViewController.m */ = {isa = PBXFileReference; fileEncoding = 4; lastKnownFileType = sourcecode.c.objc; path = ILDBaseViewController.m; sourceTree = "<group>"; };
		7FE7BC1E1E8A1139004C1166 /* ILDLogoView.h */ = {isa = PBXFileReference; fileEncoding = 4; lastKnownFileType = sourcecode.c.h; path = ILDLogoView.h; sourceTree = "<group>"; };
		7FE7BC1F1E8A1139004C1166 /* ILDLogoView.m */ = {isa = PBXFileReference; fileEncoding = 4; lastKnownFileType = sourcecode.c.objc; path = ILDLogoView.m; sourceTree = "<group>"; };
		7FE7BC221E8A121D004C1166 /* ILDSettingDefaultCell.h */ = {isa = PBXFileReference; fileEncoding = 4; lastKnownFileType = sourcecode.c.h; path = ILDSettingDefaultCell.h; sourceTree = "<group>"; };
		7FE7BC231E8A121D004C1166 /* ILDSettingDefaultCell.m */ = {isa = PBXFileReference; fileEncoding = 4; lastKnownFileType = sourcecode.c.objc; path = ILDSettingDefaultCell.m; sourceTree = "<group>"; };
		7FE7BC251E8A12BE004C1166 /* UIViewController+SendEmailInApp.h */ = {isa = PBXFileReference; fileEncoding = 4; lastKnownFileType = sourcecode.c.h; path = "UIViewController+SendEmailInApp.h"; sourceTree = "<group>"; };
		7FE7BC261E8A12BE004C1166 /* UIViewController+SendEmailInApp.m */ = {isa = PBXFileReference; fileEncoding = 4; lastKnownFileType = sourcecode.c.objc; path = "UIViewController+SendEmailInApp.m"; sourceTree = "<group>"; };
		7FE7BC271E8A12BE004C1166 /* UIViewController+Alert.h */ = {isa = PBXFileReference; fileEncoding = 4; lastKnownFileType = sourcecode.c.h; path = "UIViewController+Alert.h"; sourceTree = "<group>"; };
		7FE7BC281E8A12BE004C1166 /* UIViewController+Alert.m */ = {isa = PBXFileReference; fileEncoding = 4; lastKnownFileType = sourcecode.c.objc; path = "UIViewController+Alert.m"; sourceTree = "<group>"; };
		7FE7BC2B1E8A12D7004C1166 /* ILDAboutViewController.h */ = {isa = PBXFileReference; fileEncoding = 4; lastKnownFileType = sourcecode.c.h; path = ILDAboutViewController.h; sourceTree = "<group>"; };
		7FE7BC2C1E8A12D7004C1166 /* ILDAboutViewController.m */ = {isa = PBXFileReference; fileEncoding = 4; lastKnownFileType = sourcecode.c.objc; path = ILDAboutViewController.m; sourceTree = "<group>"; };
		7FE7BC2E1E8A139D004C1166 /* ILURLConstants.h */ = {isa = PBXFileReference; fileEncoding = 4; lastKnownFileType = sourcecode.c.h; path = ILURLConstants.h; sourceTree = "<group>"; };
		7FE7BC2F1E8A139D004C1166 /* ILURLConstants.m */ = {isa = PBXFileReference; fileEncoding = 4; lastKnownFileType = sourcecode.c.objc; path = ILURLConstants.m; sourceTree = "<group>"; };
		7FE7BC311E8A13A5004C1166 /* ILKeysConstants.h */ = {isa = PBXFileReference; fileEncoding = 4; lastKnownFileType = sourcecode.c.h; path = ILKeysConstants.h; sourceTree = "<group>"; };
		7FE7BC321E8A13A5004C1166 /* ILKeysConstants.m */ = {isa = PBXFileReference; fileEncoding = 4; lastKnownFileType = sourcecode.c.objc; path = ILKeysConstants.m; sourceTree = "<group>"; };
		7FE7BC341E8A143C004C1166 /* UILabel+StringFrame.h */ = {isa = PBXFileReference; fileEncoding = 4; lastKnownFileType = sourcecode.c.h; path = "UILabel+StringFrame.h"; sourceTree = "<group>"; };
		7FE7BC351E8A143C004C1166 /* UILabel+StringFrame.m */ = {isa = PBXFileReference; fileEncoding = 4; lastKnownFileType = sourcecode.c.objc; path = "UILabel+StringFrame.m"; sourceTree = "<group>"; };
		7FE7BC371E8A38E5004C1166 /* ILDSharedView.h */ = {isa = PBXFileReference; fileEncoding = 4; lastKnownFileType = sourcecode.c.h; path = ILDSharedView.h; sourceTree = "<group>"; };
		7FE7BC381E8A38E5004C1166 /* ILDSharedView.m */ = {isa = PBXFileReference; fileEncoding = 4; lastKnownFileType = sourcecode.c.objc; path = ILDSharedView.m; sourceTree = "<group>"; };
		7FE7BC3B1E8A3A2A004C1166 /* UIView+IL_ViewToImage.h */ = {isa = PBXFileReference; fileEncoding = 4; lastKnownFileType = sourcecode.c.h; path = "UIView+IL_ViewToImage.h"; sourceTree = "<group>"; };
		7FE7BC3C1E8A3A2A004C1166 /* UIView+IL_ViewToImage.m */ = {isa = PBXFileReference; fileEncoding = 4; lastKnownFileType = sourcecode.c.objc; path = "UIView+IL_ViewToImage.m"; sourceTree = "<group>"; };
		7FE7BC411E8A3CDB004C1166 /* ILDShareSDKHelper.h */ = {isa = PBXFileReference; fileEncoding = 4; lastKnownFileType = sourcecode.c.h; path = ILDShareSDKHelper.h; sourceTree = "<group>"; };
		7FE7BC421E8A3CDB004C1166 /* ILDShareSDKHelper.m */ = {isa = PBXFileReference; fileEncoding = 4; lastKnownFileType = sourcecode.c.objc; path = ILDShareSDKHelper.m; sourceTree = "<group>"; };
		7FE7BC441E8A3DFE004C1166 /* UIView+IL_CurrentController.h */ = {isa = PBXFileReference; fileEncoding = 4; lastKnownFileType = sourcecode.c.h; path = "UIView+IL_CurrentController.h"; sourceTree = "<group>"; };
		7FE7BC451E8A3DFE004C1166 /* UIView+IL_CurrentController.m */ = {isa = PBXFileReference; fileEncoding = 4; lastKnownFileType = sourcecode.c.objc; path = "UIView+IL_CurrentController.m"; sourceTree = "<group>"; };
		7FE7BC491E8A45C9004C1166 /* ILDStatisticsHistoryViewController.h */ = {isa = PBXFileReference; fileEncoding = 4; lastKnownFileType = sourcecode.c.h; path = ILDStatisticsHistoryViewController.h; sourceTree = "<group>"; };
		7FE7BC4A1E8A45C9004C1166 /* ILDStatisticsHistoryViewController.m */ = {isa = PBXFileReference; fileEncoding = 4; lastKnownFileType = sourcecode.c.objc; path = ILDStatisticsHistoryViewController.m; sourceTree = "<group>"; };
		7FE7BC4D1E8A78D6004C1166 /* ILDStatisticsTodayDataView.h */ = {isa = PBXFileReference; fileEncoding = 4; lastKnownFileType = sourcecode.c.h; path = ILDStatisticsTodayDataView.h; sourceTree = "<group>"; };
		7FE7BC4E1E8A78D6004C1166 /* ILDStatisticsTodayDataView.m */ = {isa = PBXFileReference; fileEncoding = 4; lastKnownFileType = sourcecode.c.objc; path = ILDStatisticsTodayDataView.m; sourceTree = "<group>"; };
		7FE7BC541E8A8AC1004C1166 /* ILDStatisticsTodayModel+IL_OperationsForViewData.h */ = {isa = PBXFileReference; fileEncoding = 4; lastKnownFileType = sourcecode.c.h; path = "ILDStatisticsTodayModel+IL_OperationsForViewData.h"; sourceTree = "<group>"; };
		7FE7BC551E8A8AC1004C1166 /* ILDStatisticsTodayModel+IL_OperationsForViewData.m */ = {isa = PBXFileReference; fileEncoding = 4; lastKnownFileType = sourcecode.c.objc; path = "ILDStatisticsTodayModel+IL_OperationsForViewData.m"; sourceTree = "<group>"; };
		7FE7BC571E8A8EA8004C1166 /* ILDPieChartDataModel+IL_OperationsForViewData.h */ = {isa = PBXFileReference; fileEncoding = 4; lastKnownFileType = sourcecode.c.h; path = "ILDPieChartDataModel+IL_OperationsForViewData.h"; sourceTree = "<group>"; };
		7FE7BC581E8A8EA8004C1166 /* ILDPieChartDataModel+IL_OperationsForViewData.m */ = {isa = PBXFileReference; fileEncoding = 4; lastKnownFileType = sourcecode.c.objc; path = "ILDPieChartDataModel+IL_OperationsForViewData.m"; sourceTree = "<group>"; };
		7FE7BC5A1E8A9410004C1166 /* ILDStatisticsHistoryBarChartView.h */ = {isa = PBXFileReference; fileEncoding = 4; lastKnownFileType = sourcecode.c.h; path = ILDStatisticsHistoryBarChartView.h; sourceTree = "<group>"; };
		7FE7BC5B1E8A9410004C1166 /* ILDStatisticsHistoryBarChartView.m */ = {isa = PBXFileReference; fileEncoding = 4; lastKnownFileType = sourcecode.c.objc; path = ILDStatisticsHistoryBarChartView.m; sourceTree = "<group>"; };
		7FE7BC5D1E8A941E004C1166 /* ILDStatisticsHistoryPieChartView.h */ = {isa = PBXFileReference; fileEncoding = 4; lastKnownFileType = sourcecode.c.h; path = ILDStatisticsHistoryPieChartView.h; sourceTree = "<group>"; };
		7FE7BC5E1E8A941E004C1166 /* ILDStatisticsHistoryPieChartView.m */ = {isa = PBXFileReference; fileEncoding = 4; lastKnownFileType = sourcecode.c.objc; path = ILDStatisticsHistoryPieChartView.m; sourceTree = "<group>"; };
		E1AA241BCFE4559E59A17792 /* Pods-sharedPods-ILDiligence.debug.xcconfig */ = {isa = PBXFileReference; includeInIndex = 1; lastKnownFileType = text.xcconfig; name = "Pods-sharedPods-ILDiligence.debug.xcconfig"; path = "../Pods/Target Support Files/Pods-sharedPods-ILDiligence/Pods-sharedPods-ILDiligence.debug.xcconfig"; sourceTree = "<group>"; };
/* End PBXFileReference section */

/* Begin PBXFrameworksBuildPhase section */
		7FA779CE1E7CE1DF00050A6A /* Frameworks */ = {
			isa = PBXFrameworksBuildPhase;
			buildActionMask = 2147483647;
			files = (
				7FA77A211E7CEACE00050A6A /* ILDNetworkLayer.framework in Frameworks */,
				7FA77A241E7CEACE00050A6A /* ILDPersistenceLayer.framework in Frameworks */,
				7FA77A1E1E7CEACE00050A6A /* ILDBusinessLogicLayer.framework in Frameworks */,
				97BDE321E86EEF08CDF49FFC /* Pods_sharedPods_ILDiligence.framework in Frameworks */,
			);
			runOnlyForDeploymentPostprocessing = 0;
		};
		7FA779E71E7CE1DF00050A6A /* Frameworks */ = {
			isa = PBXFrameworksBuildPhase;
			buildActionMask = 2147483647;
			files = (
			);
			runOnlyForDeploymentPostprocessing = 0;
		};
		7FA779F21E7CE1DF00050A6A /* Frameworks */ = {
			isa = PBXFrameworksBuildPhase;
			buildActionMask = 2147483647;
			files = (
			);
			runOnlyForDeploymentPostprocessing = 0;
		};
/* End PBXFrameworksBuildPhase section */

/* Begin PBXGroup section */
		5FAE44DF33F22FE580471ABC /* Pods */ = {
			isa = PBXGroup;
			children = (
				E1AA241BCFE4559E59A17792 /* Pods-sharedPods-ILDiligence.debug.xcconfig */,
				229D9AE58422A2BFC110C8F6 /* Pods-sharedPods-ILDiligence.release.xcconfig */,
			);
			name = Pods;
			sourceTree = "<group>";
		};
		7F6E01DD1E850E27005230BB /* Category */ = {
			isa = PBXGroup;
			children = (
				7FE7BC251E8A12BE004C1166 /* UIViewController+SendEmailInApp.h */,
				7FE7BC261E8A12BE004C1166 /* UIViewController+SendEmailInApp.m */,
				7FE7BC271E8A12BE004C1166 /* UIViewController+Alert.h */,
				7FE7BC281E8A12BE004C1166 /* UIViewController+Alert.m */,
				7FE7BC341E8A143C004C1166 /* UILabel+StringFrame.h */,
				7FE7BC351E8A143C004C1166 /* UILabel+StringFrame.m */,
				7FE7BC3B1E8A3A2A004C1166 /* UIView+IL_ViewToImage.h */,
				7FE7BC3C1E8A3A2A004C1166 /* UIView+IL_ViewToImage.m */,
				7FE7BC441E8A3DFE004C1166 /* UIView+IL_CurrentController.h */,
				7FE7BC451E8A3DFE004C1166 /* UIView+IL_CurrentController.m */,
				7FB515351EC7E9C600289F22 /* UIImage+IL_ContentWithColor.h */,
				7FB515361EC7E9C600289F22 /* UIImage+IL_ContentWithColor.m */,
			);
			name = Category;
			sourceTree = "<group>";
		};
		7F6E01DE1E850E2E005230BB /* Constant */ = {
			isa = PBXGroup;
			children = (
				7FDF57AB1E860C5600BE4D63 /* ILDMacros.h */,
				7FDF57AC1E860C5600BE4D63 /* ILDMacros.m */,
				7FE7BC2E1E8A139D004C1166 /* ILURLConstants.h */,
				7FE7BC2F1E8A139D004C1166 /* ILURLConstants.m */,
				7FE7BC311E8A13A5004C1166 /* ILKeysConstants.h */,
				7FE7BC321E8A13A5004C1166 /* ILKeysConstants.m */,
			);
			name = Constant;
			sourceTree = "<group>";
		};
		7F6E01DF1E850E35005230BB /* External */ = {
			isa = PBXGroup;
			children = (
				7FDF57F91E8767C800BE4D63 /* Music */,
				7FDF57F81E8767C000BE4D63 /* Font */,
			);
			name = External;
			sourceTree = "<group>";
		};
		7F6E01E01E850E40005230BB /* MVCs */ = {
			isa = PBXGroup;
			children = (
				7FE7BC181E8A1079004C1166 /* Base */,
				7FDF57C11E8626E800BE4D63 /* Story */,
				7FDF57B71E86266D00BE4D63 /* Task */,
				7FDF57B61E86266800BE4D63 /* Setting */,
				7FDF57B51E86265D00BE4D63 /* Statistics */,
				7F6E01E41E850E89005230BB /* Diligence */,
			);
			name = MVCs;
			sourceTree = "<group>";
		};
		7F6E01E11E850E50005230BB /* Resource */ = {
			isa = PBXGroup;
			children = (
				7FA779E01E7CE1DF00050A6A /* Assets.xcassets */,
				7FDF57E31E8765AE00BE4D63 /* Plist */,
				7FDF57A71E86015600BE4D63 /* Storyboard */,
			);
			name = Resource;
			sourceTree = "<group>";
		};
		7F6E01E31E850E63005230BB /* Utilities */ = {
			isa = PBXGroup;
			children = (
				7FC1D3F81F2AD48200FAF1D1 /* ILDRestSuggestion.h */,
				7FC1D3F91F2AD48200FAF1D1 /* ILDRestSuggestion.m */,
				7FDF57DE1E867DD100BE4D63 /* ILDColorHelper.h */,
				7FDF57DF1E867DD100BE4D63 /* ILDColorHelper.m */,
				7FDF57C51E8627DC00BE4D63 /* ILDScreenshotImageManager.h */,
				7FDF57C61E8627DC00BE4D63 /* ILDScreenshotImageManager.m */,
				7FDF57C81E8627FF00BE4D63 /* UIImageEffects.h */,
				7FDF57C91E8627FF00BE4D63 /* UIImageEffects.m */,
				7FDF57CB1E862DC200BE4D63 /* MusicHelper.h */,
				7FDF57CC1E862DC200BE4D63 /* MusicHelper.m */,
				7FE7BC411E8A3CDB004C1166 /* ILDShareSDKHelper.h */,
				7FE7BC421E8A3CDB004C1166 /* ILDShareSDKHelper.m */,
			);
			name = Utilities;
			sourceTree = "<group>";
		};
		7F6E01E41E850E89005230BB /* Diligence */ = {
			isa = PBXGroup;
			children = (
				7F7113A21E87CAF100A6DED7 /* Views */,
				7F7113A11E87CAE600A6DED7 /* Controllers */,
			);
			name = Diligence;
			sourceTree = "<group>";
		};
		7F7113A11E87CAE600A6DED7 /* Controllers */ = {
			isa = PBXGroup;
			children = (
				7FDF57A81E86092A00BE4D63 /* ILDDiligenceViewController.h */,
				7FDF57A91E86092A00BE4D63 /* ILDDiligenceViewController.m */,
				7FDF57AF1E861DCF00BE4D63 /* ILDDiligenceClockViewController.h */,
				7FDF57B01E861DCF00BE4D63 /* ILDDiligenceClockViewController.m */,
			);
			name = Controllers;
			sourceTree = "<group>";
		};
		7F7113A21E87CAF100A6DED7 /* Views */ = {
			isa = PBXGroup;
			children = (
				7FDF57B21E861FE500BE4D63 /* ILDDiligenceClockView.h */,
				7FDF57B31E861FE500BE4D63 /* ILDDiligenceClockView.m */,
			);
			name = Views;
			sourceTree = "<group>";
		};
		7F7113A31E87CAFA00A6DED7 /* Controllers */ = {
			isa = PBXGroup;
			children = (
				7FDF57BB1E8626A800BE4D63 /* ILDSettingViewController.h */,
				7FDF57BC1E8626A800BE4D63 /* ILDSettingViewController.m */,
				7FE7BC2B1E8A12D7004C1166 /* ILDAboutViewController.h */,
				7FE7BC2C1E8A12D7004C1166 /* ILDAboutViewController.m */,
			);
			name = Controllers;
			sourceTree = "<group>";
		};
		7F8B2E641E8B5EAF004CD5DB /* StatisticsToday */ = {
			isa = PBXGroup;
			children = (
				7FE7BC4D1E8A78D6004C1166 /* ILDStatisticsTodayDataView.h */,
				7FE7BC4E1E8A78D6004C1166 /* ILDStatisticsTodayDataView.m */,
			);
			name = StatisticsToday;
			sourceTree = "<group>";
		};
		7F8B2E651E8B5ECF004CD5DB /* StatisticsHistory */ = {
			isa = PBXGroup;
			children = (
				7F8B2E681E8B5EFA004CD5DB /* Shared */,
				7F8B2E671E8B5EF3004CD5DB /* BarStyle */,
				7F8B2E661E8B5EEB004CD5DB /* PieStyle */,
			);
			name = StatisticsHistory;
			sourceTree = "<group>";
		};
		7F8B2E661E8B5EEB004CD5DB /* PieStyle */ = {
			isa = PBXGroup;
			children = (
				7FE7BC5D1E8A941E004C1166 /* ILDStatisticsHistoryPieChartView.h */,
				7FE7BC5E1E8A941E004C1166 /* ILDStatisticsHistoryPieChartView.m */,
			);
			name = PieStyle;
			sourceTree = "<group>";
		};
		7F8B2E671E8B5EF3004CD5DB /* BarStyle */ = {
			isa = PBXGroup;
			children = (
				7FE7BC5A1E8A9410004C1166 /* ILDStatisticsHistoryBarChartView.h */,
				7FE7BC5B1E8A9410004C1166 /* ILDStatisticsHistoryBarChartView.m */,
				7F8B2E541E8B4E28004CD5DB /* ILDStatisticsHistoryBarChartGroupView.h */,
				7F8B2E551E8B4E28004CD5DB /* ILDStatisticsHistoryBarChartGroupView.m */,
				7F8B2E611E8B53C9004CD5DB /* ILDStatisticsHistoryBestDiligenceGroupView.h */,
				7F8B2E621E8B53C9004CD5DB /* ILDStatisticsHistoryBestDiligenceGroupView.m */,
			);
			name = BarStyle;
			sourceTree = "<group>";
		};
		7F8B2E681E8B5EFA004CD5DB /* Shared */ = {
			isa = PBXGroup;
			children = (
				7F8B2E4E1E8B4AAF004CD5DB /* ILDStatisticsHistoryDataGroupView.h */,
				7F8B2E4F1E8B4AAF004CD5DB /* ILDStatisticsHistoryDataGroupView.m */,
				7F8B2E481E8B4976004CD5DB /* ILDStatisticsHistoryDataView.h */,
				7F8B2E491E8B4976004CD5DB /* ILDStatisticsHistoryDataView.m */,
			);
			name = Shared;
			sourceTree = "<group>";
		};
		7FA779C81E7CE1DF00050A6A = {
			isa = PBXGroup;
			children = (
				7FA779D31E7CE1DF00050A6A /* ILDiligence */,
				7FA779ED1E7CE1DF00050A6A /* ILDiligenceTests */,
				7FA779F81E7CE1DF00050A6A /* ILDiligenceUITests */,
				7FA779D21E7CE1DF00050A6A /* Products */,
				5FAE44DF33F22FE580471ABC /* Pods */,
				8CF1200692564EA520E09867 /* Frameworks */,
			);
			sourceTree = "<group>";
		};
		7FA779D21E7CE1DF00050A6A /* Products */ = {
			isa = PBXGroup;
			children = (
				7FA779D11E7CE1DF00050A6A /* ILDiligence.app */,
				7FA779EA1E7CE1DF00050A6A /* ILDiligenceTests.xctest */,
				7FA779F51E7CE1DF00050A6A /* ILDiligenceUITests.xctest */,
			);
			name = Products;
			sourceTree = "<group>";
		};
		7FA779D31E7CE1DF00050A6A /* ILDiligence */ = {
			isa = PBXGroup;
			children = (
				7F6E01DD1E850E27005230BB /* Category */,
				7F6E01DE1E850E2E005230BB /* Constant */,
				7F6E01DF1E850E35005230BB /* External */,
				7F6E01E01E850E40005230BB /* MVCs */,
				7F6E01E11E850E50005230BB /* Resource */,
				7FA779D41E7CE1DF00050A6A /* Supporting Files */,
				7F6E01E31E850E63005230BB /* Utilities */,
				7FA779DA1E7CE1DF00050A6A /* ViewController.h */,
				7FA779DB1E7CE1DF00050A6A /* ViewController.m */,
			);
			path = ILDiligence;
			sourceTree = "<group>";
		};
		7FA779D41E7CE1DF00050A6A /* Supporting Files */ = {
			isa = PBXGroup;
			children = (
				7FA779D71E7CE1DF00050A6A /* AppDelegate.h */,
				7FA779D81E7CE1DF00050A6A /* AppDelegate.m */,
				7FA779D51E7CE1DF00050A6A /* main.m */,
				7FA779E51E7CE1DF00050A6A /* Info.plist */,
				7FDF57AE1E860C8D00BE4D63 /* PrefixHeader.pch */,
			);
			name = "Supporting Files";
			sourceTree = "<group>";
		};
		7FA779ED1E7CE1DF00050A6A /* ILDiligenceTests */ = {
			isa = PBXGroup;
			children = (
				7FA779EE1E7CE1DF00050A6A /* ILDiligenceTests.m */,
				7FA779F01E7CE1DF00050A6A /* Info.plist */,
			);
			path = ILDiligenceTests;
			sourceTree = "<group>";
		};
		7FA779F81E7CE1DF00050A6A /* ILDiligenceUITests */ = {
			isa = PBXGroup;
			children = (
				7FA779F91E7CE1DF00050A6A /* ILDiligenceUITests.m */,
				7FA779FB1E7CE1DF00050A6A /* Info.plist */,
			);
			path = ILDiligenceUITests;
			sourceTree = "<group>";
		};
		7FB5152C1EC7E3E100289F22 /* Views */ = {
			isa = PBXGroup;
			children = (
				7FB5152F1EC7E5DD00289F22 /* ILDTaskListCell.h */,
				7FB515301EC7E5DD00289F22 /* ILDTaskListCell.m */,
				7FB515421EC82B2800289F22 /* ILDTaskConfigurationDefaultCell.h */,
				7FB515431EC82B2800289F22 /* ILDTaskConfigurationDefaultCell.m */,
				7FB515451EC82B3E00289F22 /* ILDTaskConfigurationSwitchCell.h */,
				7FB515461EC82B3E00289F22 /* ILDTaskConfigurationSwitchCell.m */,
				7FB515601EC82FC300289F22 /* ILDColorPickerCell.h */,
				7FB515611EC82FC300289F22 /* ILDColorPickerCell.m */,
			);
			name = Views;
			sourceTree = "<group>";
		};
		7FB5152D1EC7E3EF00289F22 /* Models */ = {
			isa = PBXGroup;
			children = (
				7FB515321EC7E7B900289F22 /* ILDTaskModel+IL_OperationsForViewData.h */,
				7FB515331EC7E7B900289F22 /* ILDTaskModel+IL_OperationsForViewData.m */,
			);
			name = Models;
			sourceTree = "<group>";
		};
		7FB5152E1EC7E3F800289F22 /* Controllers */ = {
			isa = PBXGroup;
			children = (
				7FDF57B81E86268900BE4D63 /* ILDTaskListViewController.h */,
				7FDF57B91E86268900BE4D63 /* ILDTaskListViewController.m */,
				7FB5153F1EC829A600289F22 /* ILDTaskConfigurationViewController.h */,
				7FB515401EC829A600289F22 /* ILDTaskConfigurationViewController.m */,
				7FB515481EC82D6E00289F22 /* ILDTaskNameViewController.h */,
				7FB515491EC82D6E00289F22 /* ILDTaskNameViewController.m */,
				7FB5154B1EC82E7300289F22 /* ILDColorPickerViewController.h */,
				7FB5154C1EC82E7300289F22 /* ILDColorPickerViewController.m */,
				7FB5154D1EC82E7300289F22 /* ILDDiligenceTimeViewController.h */,
				7FB5154E1EC82E7300289F22 /* ILDDiligenceTimeViewController.m */,
				7FB5154F1EC82E7300289F22 /* ILDRestViewController.h */,
				7FB515501EC82E7300289F22 /* ILDRestViewController.m */,
				7FB515511EC82E7300289F22 /* ILDRestTimeViewController.h */,
				7FB515521EC82E7300289F22 /* ILDRestTimeViewController.m */,
				7FB515531EC82E7300289F22 /* ILDMusicViewController.h */,
				7FB515541EC82E7300289F22 /* ILDMusicViewController.m */,
				7FB515551EC82E7300289F22 /* ILDAlertViewController.h */,
				7FB515561EC82E7300289F22 /* ILDAlertViewController.m */,
				7FB515571EC82E7300289F22 /* ILDAlertTimeViewController.h */,
				7FB515581EC82E7300289F22 /* ILDAlertTimeViewController.m */,
			);
			name = Controllers;
			sourceTree = "<group>";
		};
		7FB515381EC8284700289F22 /* Base */ = {
			isa = PBXGroup;
			children = (
				7FB515391EC828C500289F22 /* ILDTaskConfigurationNavigateModeViewController.h */,
				7FB5153A1EC828C500289F22 /* ILDTaskConfigurationNavigateModeViewController.m */,
				7FB5153C1EC828D900289F22 /* ILDTaskConfigurationPresentModeViewController.h */,
				7FB5153D1EC828D900289F22 /* ILDTaskConfigurationPresentModeViewController.m */,
			);
			name = Base;
			sourceTree = "<group>";
		};
		7FDF57A71E86015600BE4D63 /* Storyboard */ = {
			isa = PBXGroup;
			children = (
				7FA779E21E7CE1DF00050A6A /* LaunchScreen.storyboard */,
				7FA779DD1E7CE1DF00050A6A /* Main.storyboard */,
			);
			name = Storyboard;
			sourceTree = "<group>";
		};
		7FDF57B51E86265D00BE4D63 /* Statistics */ = {
			isa = PBXGroup;
			children = (
				7FE7BC501E8A89D4004C1166 /* Models */,
				7FE7BC4C1E8A78B8004C1166 /* Views */,
				7FE7BC481E8A45B0004C1166 /* Controllers */,
			);
			name = Statistics;
			sourceTree = "<group>";
		};
		7FDF57B61E86266800BE4D63 /* Setting */ = {
			isa = PBXGroup;
			children = (
				7FE7BC211E8A120B004C1166 /* Views */,
				7F7113A31E87CAFA00A6DED7 /* Controllers */,
			);
			name = Setting;
			sourceTree = "<group>";
		};
		7FDF57B71E86266D00BE4D63 /* Task */ = {
			isa = PBXGroup;
			children = (
				7FB515381EC8284700289F22 /* Base */,
				7FB5152D1EC7E3EF00289F22 /* Models */,
				7FB5152C1EC7E3E100289F22 /* Views */,
				7FB5152E1EC7E3F800289F22 /* Controllers */,
			);
			name = Task;
			sourceTree = "<group>";
		};
		7FDF57C11E8626E800BE4D63 /* Story */ = {
			isa = PBXGroup;
			children = (
				7FE7BC471E8A4369004C1166 /* Controllers */,
				7FE7BC3A1E8A38E7004C1166 /* Views */,
			);
			name = Story;
			sourceTree = "<group>";
		};
		7FDF57E31E8765AE00BE4D63 /* Plist */ = {
			isa = PBXGroup;
			children = (
				7FDF57E61E8766AF00BE4D63 /* taskData.plist */,
			);
			name = Plist;
			sourceTree = "<group>";
		};
		7FDF57F81E8767C000BE4D63 /* Font */ = {
			isa = PBXGroup;
			children = (
				7FDF57E81E8767B600BE4D63 /* 叶根友蚕燕隶书.ttf */,
			);
			name = Font;
			sourceTree = "<group>";
		};
		7FDF57F91E8767C800BE4D63 /* Music */ = {
			isa = PBXGroup;
			children = (
				7FDF57EA1E8767BC00BE4D63 /* 但愿相别不相忘.m4a */,
				7FDF57EB1E8767BC00BE4D63 /* 送别.m4a */,
				7FDF57EC1E8767BC00BE4D63 /* 月色思念.m4a */,
				7FDF57ED1E8767BC00BE4D63 /* 美丽的神话.m4a */,
				7FDF57EE1E8767BC00BE4D63 /* 梁祝.m4a */,
				7FDF57EF1E8767BC00BE4D63 /* 茉莉花.m4a */,
				7FDF57F01E8767BC00BE4D63 /* 江南雨.m4a */,
			);
			name = Music;
			sourceTree = "<group>";
		};
		7FE7BC181E8A1079004C1166 /* Base */ = {
			isa = PBXGroup;
			children = (
				7FE7BC1D1E8A1121004C1166 /* Views */,
				7FE7BC1C1E8A110F004C1166 /* Controllers */,
			);
			name = Base;
			sourceTree = "<group>";
		};
		7FE7BC1C1E8A110F004C1166 /* Controllers */ = {
			isa = PBXGroup;
			children = (
				7FE7BC191E8A1097004C1166 /* ILDBaseViewController.h */,
				7FE7BC1A1E8A1097004C1166 /* ILDBaseViewController.m */,
			);
			name = Controllers;
			sourceTree = "<group>";
		};
		7FE7BC1D1E8A1121004C1166 /* Views */ = {
			isa = PBXGroup;
			children = (
				7FE7BC1E1E8A1139004C1166 /* ILDLogoView.h */,
				7FE7BC1F1E8A1139004C1166 /* ILDLogoView.m */,
			);
			name = Views;
			sourceTree = "<group>";
		};
		7FE7BC211E8A120B004C1166 /* Views */ = {
			isa = PBXGroup;
			children = (
				7FE7BC221E8A121D004C1166 /* ILDSettingDefaultCell.h */,
				7FE7BC231E8A121D004C1166 /* ILDSettingDefaultCell.m */,
			);
			name = Views;
			sourceTree = "<group>";
		};
		7FE7BC3A1E8A38E7004C1166 /* Views */ = {
			isa = PBXGroup;
			children = (
				7FE7BC371E8A38E5004C1166 /* ILDSharedView.h */,
				7FE7BC381E8A38E5004C1166 /* ILDSharedView.m */,
			);
			name = Views;
			sourceTree = "<group>";
		};
		7FE7BC471E8A4369004C1166 /* Controllers */ = {
			isa = PBXGroup;
			children = (
				7FDF57C21E8626FA00BE4D63 /* ILDStoryViewController.h */,
				7FDF57C31E8626FA00BE4D63 /* ILDStoryViewController.m */,
			);
			name = Controllers;
			sourceTree = "<group>";
		};
		7FE7BC481E8A45B0004C1166 /* Controllers */ = {
			isa = PBXGroup;
			children = (
				7FDF57BE1E8626C200BE4D63 /* ILDStatisticsTodayViewController.h */,
				7FDF57BF1E8626C200BE4D63 /* ILDStatisticsTodayViewController.m */,
				7FE7BC491E8A45C9004C1166 /* ILDStatisticsHistoryViewController.h */,
				7FE7BC4A1E8A45C9004C1166 /* ILDStatisticsHistoryViewController.m */,
			);
			name = Controllers;
			sourceTree = "<group>";
		};
		7FE7BC4C1E8A78B8004C1166 /* Views */ = {
			isa = PBXGroup;
			children = (
				7F8B2E651E8B5ECF004CD5DB /* StatisticsHistory */,
				7F8B2E641E8B5EAF004CD5DB /* StatisticsToday */,
			);
			name = Views;
			sourceTree = "<group>";
		};
		7FE7BC501E8A89D4004C1166 /* Models */ = {
			isa = PBXGroup;
			children = (
				7F8B2E571E8B4E4E004CD5DB /* ILDBarChartDataValueFormatter.h */,
				7F8B2E581E8B4E4E004CD5DB /* ILDBarChartDataValueFormatter.m */,
				7FE7BC541E8A8AC1004C1166 /* ILDStatisticsTodayModel+IL_OperationsForViewData.h */,
				7FE7BC551E8A8AC1004C1166 /* ILDStatisticsTodayModel+IL_OperationsForViewData.m */,
				7F8B2E511E8B4BB0004CD5DB /* ILDStatisticsHistoryModel+IL_OperationsForViewData.h */,
				7F8B2E521E8B4BB0004CD5DB /* ILDStatisticsHistoryModel+IL_OperationsForViewData.m */,
				7FE7BC571E8A8EA8004C1166 /* ILDPieChartDataModel+IL_OperationsForViewData.h */,
				7FE7BC581E8A8EA8004C1166 /* ILDPieChartDataModel+IL_OperationsForViewData.m */,
			);
			name = Models;
			sourceTree = "<group>";
		};
		8CF1200692564EA520E09867 /* Frameworks */ = {
			isa = PBXGroup;
			children = (
				7FDF57D11E862EB800BE4D63 /* AFNetworking.framework */,
				7FA77A231E7CEACE00050A6A /* ILDPersistenceLayer.framework */,
				7FA77A201E7CEACE00050A6A /* ILDNetworkLayer.framework */,
				7FA77A1D1E7CEACE00050A6A /* ILDBusinessLogicLayer.framework */,
				50CEFF9102DE4A9A688449E8 /* Pods_sharedPods_ILDiligence.framework */,
			);
			name = Frameworks;
			sourceTree = "<group>";
		};
/* End PBXGroup section */

/* Begin PBXNativeTarget section */
		7FA779D01E7CE1DF00050A6A /* ILDiligence */ = {
			isa = PBXNativeTarget;
			buildConfigurationList = 7FA779FE1E7CE1DF00050A6A /* Build configuration list for PBXNativeTarget "ILDiligence" */;
			buildPhases = (
				B56D45D541C843FDC8E749D1 /* [CP] Check Pods Manifest.lock */,
				7FA779CD1E7CE1DF00050A6A /* Sources */,
				7FA779CE1E7CE1DF00050A6A /* Frameworks */,
				7FA779CF1E7CE1DF00050A6A /* Resources */,
				D010685221EC26CA52661FB5 /* [CP] Embed Pods Frameworks */,
				85F1BFF232F00C86A086B285 /* [CP] Copy Pods Resources */,
				7FA77A1C1E7CEAB000050A6A /* Embed Frameworks */,
			);
			buildRules = (
			);
			dependencies = (
			);
			name = ILDiligence;
			productName = ILDiligence;
			productReference = 7FA779D11E7CE1DF00050A6A /* ILDiligence.app */;
			productType = "com.apple.product-type.application";
		};
		7FA779E91E7CE1DF00050A6A /* ILDiligenceTests */ = {
			isa = PBXNativeTarget;
			buildConfigurationList = 7FA77A011E7CE1DF00050A6A /* Build configuration list for PBXNativeTarget "ILDiligenceTests" */;
			buildPhases = (
				7FA779E61E7CE1DF00050A6A /* Sources */,
				7FA779E71E7CE1DF00050A6A /* Frameworks */,
				7FA779E81E7CE1DF00050A6A /* Resources */,
			);
			buildRules = (
			);
			dependencies = (
				7FA779EC1E7CE1DF00050A6A /* PBXTargetDependency */,
			);
			name = ILDiligenceTests;
			productName = ILDiligenceTests;
			productReference = 7FA779EA1E7CE1DF00050A6A /* ILDiligenceTests.xctest */;
			productType = "com.apple.product-type.bundle.unit-test";
		};
		7FA779F41E7CE1DF00050A6A /* ILDiligenceUITests */ = {
			isa = PBXNativeTarget;
			buildConfigurationList = 7FA77A041E7CE1DF00050A6A /* Build configuration list for PBXNativeTarget "ILDiligenceUITests" */;
			buildPhases = (
				7FA779F11E7CE1DF00050A6A /* Sources */,
				7FA779F21E7CE1DF00050A6A /* Frameworks */,
				7FA779F31E7CE1DF00050A6A /* Resources */,
			);
			buildRules = (
			);
			dependencies = (
				7FA779F71E7CE1DF00050A6A /* PBXTargetDependency */,
			);
			name = ILDiligenceUITests;
			productName = ILDiligenceUITests;
			productReference = 7FA779F51E7CE1DF00050A6A /* ILDiligenceUITests.xctest */;
			productType = "com.apple.product-type.bundle.ui-testing";
		};
/* End PBXNativeTarget section */

/* Begin PBXProject section */
		7FA779C91E7CE1DF00050A6A /* Project object */ = {
			isa = PBXProject;
			attributes = {
				LastUpgradeCheck = 0830;
				ORGANIZATIONNAME = "XueFeng Chen";
				TargetAttributes = {
					7FA779D01E7CE1DF00050A6A = {
						CreatedOnToolsVersion = 8.2.1;
						DevelopmentTeam = 86MNLPUJYP;
						LastSwiftMigration = 0820;
						ProvisioningStyle = Automatic;
					};
					7FA779E91E7CE1DF00050A6A = {
						CreatedOnToolsVersion = 8.2.1;
						DevelopmentTeam = 86MNLPUJYP;
						ProvisioningStyle = Automatic;
						TestTargetID = 7FA779D01E7CE1DF00050A6A;
					};
					7FA779F41E7CE1DF00050A6A = {
						CreatedOnToolsVersion = 8.2.1;
						DevelopmentTeam = 86MNLPUJYP;
						ProvisioningStyle = Automatic;
						TestTargetID = 7FA779D01E7CE1DF00050A6A;
					};
				};
			};
			buildConfigurationList = 7FA779CC1E7CE1DF00050A6A /* Build configuration list for PBXProject "ILDiligence" */;
			compatibilityVersion = "Xcode 3.2";
			developmentRegion = English;
			hasScannedForEncodings = 0;
			knownRegions = (
				en,
				Base,
			);
			mainGroup = 7FA779C81E7CE1DF00050A6A;
			productRefGroup = 7FA779D21E7CE1DF00050A6A /* Products */;
			projectDirPath = "";
			projectRoot = "";
			targets = (
				7FA779D01E7CE1DF00050A6A /* ILDiligence */,
				7FA779E91E7CE1DF00050A6A /* ILDiligenceTests */,
				7FA779F41E7CE1DF00050A6A /* ILDiligenceUITests */,
			);
		};
/* End PBXProject section */

/* Begin PBXResourcesBuildPhase section */
		7FA779CF1E7CE1DF00050A6A /* Resources */ = {
			isa = PBXResourcesBuildPhase;
			buildActionMask = 2147483647;
			files = (
				7FDF57F51E8767BC00BE4D63 /* 梁祝.m4a in Resources */,
				7FDF57F11E8767BC00BE4D63 /* 但愿相别不相忘.m4a in Resources */,
				7FDF57F41E8767BC00BE4D63 /* 美丽的神话.m4a in Resources */,
				7FA779E41E7CE1DF00050A6A /* LaunchScreen.storyboard in Resources */,
				7FDF57E71E8766AF00BE4D63 /* taskData.plist in Resources */,
				7FDF57F61E8767BC00BE4D63 /* 茉莉花.m4a in Resources */,
				7FDF57F21E8767BC00BE4D63 /* 送别.m4a in Resources */,
				7FDF57F31E8767BC00BE4D63 /* 月色思念.m4a in Resources */,
				7FA779E11E7CE1DF00050A6A /* Assets.xcassets in Resources */,
				7FDF57F71E8767BC00BE4D63 /* 江南雨.m4a in Resources */,
				7FA779DF1E7CE1DF00050A6A /* Main.storyboard in Resources */,
				7FDF57E91E8767B600BE4D63 /* 叶根友蚕燕隶书.ttf in Resources */,
			);
			runOnlyForDeploymentPostprocessing = 0;
		};
		7FA779E81E7CE1DF00050A6A /* Resources */ = {
			isa = PBXResourcesBuildPhase;
			buildActionMask = 2147483647;
			files = (
			);
			runOnlyForDeploymentPostprocessing = 0;
		};
		7FA779F31E7CE1DF00050A6A /* Resources */ = {
			isa = PBXResourcesBuildPhase;
			buildActionMask = 2147483647;
			files = (
			);
			runOnlyForDeploymentPostprocessing = 0;
		};
/* End PBXResourcesBuildPhase section */

/* Begin PBXShellScriptBuildPhase section */
		85F1BFF232F00C86A086B285 /* [CP] Copy Pods Resources */ = {
			isa = PBXShellScriptBuildPhase;
			buildActionMask = 2147483647;
			files = (
			);
			inputPaths = (
			);
			name = "[CP] Copy Pods Resources";
			outputPaths = (
			);
			runOnlyForDeploymentPostprocessing = 0;
			shellPath = /bin/sh;
			shellScript = "\"${SRCROOT}/../Pods/Target Support Files/Pods-sharedPods-ILDiligence/Pods-sharedPods-ILDiligence-resources.sh\"\n";
			showEnvVarsInLog = 0;
		};
		B56D45D541C843FDC8E749D1 /* [CP] Check Pods Manifest.lock */ = {
			isa = PBXShellScriptBuildPhase;
			buildActionMask = 2147483647;
			files = (
			);
			inputPaths = (
			);
			name = "[CP] Check Pods Manifest.lock";
			outputPaths = (
			);
			runOnlyForDeploymentPostprocessing = 0;
			shellPath = /bin/sh;
			shellScript = "diff \"${PODS_ROOT}/../Podfile.lock\" \"${PODS_ROOT}/Manifest.lock\" > /dev/null\nif [ $? != 0 ] ; then\n    # print error to STDERR\n    echo \"error: The sandbox is not in sync with the Podfile.lock. Run 'pod install' or update your CocoaPods installation.\" >&2\n    exit 1\nfi\n";
			showEnvVarsInLog = 0;
		};
		D010685221EC26CA52661FB5 /* [CP] Embed Pods Frameworks */ = {
			isa = PBXShellScriptBuildPhase;
			buildActionMask = 2147483647;
			files = (
			);
			inputPaths = (
			);
			name = "[CP] Embed Pods Frameworks";
			outputPaths = (
			);
			runOnlyForDeploymentPostprocessing = 0;
			shellPath = /bin/sh;
			shellScript = "\"${SRCROOT}/../Pods/Target Support Files/Pods-sharedPods-ILDiligence/Pods-sharedPods-ILDiligence-frameworks.sh\"\n";
			showEnvVarsInLog = 0;
		};
/* End PBXShellScriptBuildPhase section */

/* Begin PBXSourcesBuildPhase section */
		7FA779CD1E7CE1DF00050A6A /* Sources */ = {
			isa = PBXSourcesBuildPhase;
			buildActionMask = 2147483647;
			files = (
				7FDF57B11E861DCF00BE4D63 /* ILDDiligenceClockViewController.m in Sources */,
				7FE7BC391E8A38E5004C1166 /* ILDSharedView.m in Sources */,
				7FB5155B1EC82E7300289F22 /* ILDRestViewController.m in Sources */,
				7FB515371EC7E9C600289F22 /* UIImage+IL_ContentWithColor.m in Sources */,
				7FE7BC561E8A8AC1004C1166 /* ILDStatisticsTodayModel+IL_OperationsForViewData.m in Sources */,
				7FB5155C1EC82E7300289F22 /* ILDRestTimeViewController.m in Sources */,
				7FB5155A1EC82E7300289F22 /* ILDDiligenceTimeViewController.m in Sources */,
				7FE7BC201E8A1139004C1166 /* ILDLogoView.m in Sources */,
				7FA779DC1E7CE1DF00050A6A /* ViewController.m in Sources */,
				7FB515621EC82FC300289F22 /* ILDColorPickerCell.m in Sources */,
				7FB515341EC7E7B900289F22 /* ILDTaskModel+IL_OperationsForViewData.m in Sources */,
				7FE7BC4B1E8A45C9004C1166 /* ILDStatisticsHistoryViewController.m in Sources */,
				7FB515591EC82E7300289F22 /* ILDColorPickerViewController.m in Sources */,
				7F8B2E591E8B4E4E004CD5DB /* ILDBarChartDataValueFormatter.m in Sources */,
				7FDF57B41E861FE500BE4D63 /* ILDDiligenceClockView.m in Sources */,
				7FB5155F1EC82E7300289F22 /* ILDAlertTimeViewController.m in Sources */,
				7FE7BC2D1E8A12D7004C1166 /* ILDAboutViewController.m in Sources */,
				7FDF57BD1E8626A800BE4D63 /* ILDSettingViewController.m in Sources */,
				7FE7BC2A1E8A12BE004C1166 /* UIViewController+Alert.m in Sources */,
				7FB515471EC82B3E00289F22 /* ILDTaskConfigurationSwitchCell.m in Sources */,
				7FB5155E1EC82E7300289F22 /* ILDAlertViewController.m in Sources */,
				7FE7BC361E8A143C004C1166 /* UILabel+StringFrame.m in Sources */,
				7FB515441EC82B2800289F22 /* ILDTaskConfigurationDefaultCell.m in Sources */,
				7FDF57AD1E860C5600BE4D63 /* ILDMacros.m in Sources */,
				7FE7BC1B1E8A1097004C1166 /* ILDBaseViewController.m in Sources */,
				7FE7BC431E8A3CDB004C1166 /* ILDShareSDKHelper.m in Sources */,
				7FE7BC4F1E8A78D6004C1166 /* ILDStatisticsTodayDataView.m in Sources */,
				7FDF57CA1E8627FF00BE4D63 /* UIImageEffects.m in Sources */,
				7FB5153B1EC828C500289F22 /* ILDTaskConfigurationNavigateModeViewController.m in Sources */,
				7F8B2E501E8B4AAF004CD5DB /* ILDStatisticsHistoryDataGroupView.m in Sources */,
				7FDF57E01E867DD100BE4D63 /* ILDColorHelper.m in Sources */,
				7FE7BC301E8A139D004C1166 /* ILURLConstants.m in Sources */,
				7FE7BC291E8A12BE004C1166 /* UIViewController+SendEmailInApp.m in Sources */,
				7F8B2E561E8B4E28004CD5DB /* ILDStatisticsHistoryBarChartGroupView.m in Sources */,
				7F8B2E531E8B4BB0004CD5DB /* ILDStatisticsHistoryModel+IL_OperationsForViewData.m in Sources */,
				7F8B2E4A1E8B4976004CD5DB /* ILDStatisticsHistoryDataView.m in Sources */,
				7FE7BC591E8A8EA8004C1166 /* ILDPieChartDataModel+IL_OperationsForViewData.m in Sources */,
				7FE7BC5F1E8A941E004C1166 /* ILDStatisticsHistoryPieChartView.m in Sources */,
				7FA779D91E7CE1DF00050A6A /* AppDelegate.m in Sources */,
				7FB515311EC7E5DD00289F22 /* ILDTaskListCell.m in Sources */,
				7FDF57C41E8626FA00BE4D63 /* ILDStoryViewController.m in Sources */,
				7FDF57BA1E86268900BE4D63 /* ILDTaskListViewController.m in Sources */,
				7FE7BC461E8A3DFE004C1166 /* UIView+IL_CurrentController.m in Sources */,
				7FC1D3FA1F2AD48200FAF1D1 /* ILDRestSuggestion.m in Sources */,
				7FB5153E1EC828D900289F22 /* ILDTaskConfigurationPresentModeViewController.m in Sources */,
				7FDF57CD1E862DC200BE4D63 /* MusicHelper.m in Sources */,
				7FB5155D1EC82E7300289F22 /* ILDMusicViewController.m in Sources */,
				7FE7BC331E8A13A5004C1166 /* ILKeysConstants.m in Sources */,
				7FE7BC241E8A121D004C1166 /* ILDSettingDefaultCell.m in Sources */,
				7FE7BC3D1E8A3A2A004C1166 /* UIView+IL_ViewToImage.m in Sources */,
				7FA779D61E7CE1DF00050A6A /* main.m in Sources */,
				7FB515411EC829A600289F22 /* ILDTaskConfigurationViewController.m in Sources */,
				7F8B2E631E8B53C9004CD5DB /* ILDStatisticsHistoryBestDiligenceGroupView.m in Sources */,
				7FDF57AA1E86092A00BE4D63 /* ILDDiligenceViewController.m in Sources */,
				7FB5154A1EC82D6E00289F22 /* ILDTaskNameViewController.m in Sources */,
				7FE7BC5C1E8A9410004C1166 /* ILDStatisticsHistoryBarChartView.m in Sources */,
				7FDF57C01E8626C200BE4D63 /* ILDStatisticsTodayViewController.m in Sources */,
				7FDF57C71E8627DC00BE4D63 /* ILDScreenshotImageManager.m in Sources */,
			);
			runOnlyForDeploymentPostprocessing = 0;
		};
		7FA779E61E7CE1DF00050A6A /* Sources */ = {
			isa = PBXSourcesBuildPhase;
			buildActionMask = 2147483647;
			files = (
				7FA779EF1E7CE1DF00050A6A /* ILDiligenceTests.m in Sources */,
			);
			runOnlyForDeploymentPostprocessing = 0;
		};
		7FA779F11E7CE1DF00050A6A /* Sources */ = {
			isa = PBXSourcesBuildPhase;
			buildActionMask = 2147483647;
			files = (
				7FA779FA1E7CE1DF00050A6A /* ILDiligenceUITests.m in Sources */,
			);
			runOnlyForDeploymentPostprocessing = 0;
		};
/* End PBXSourcesBuildPhase section */

/* Begin PBXTargetDependency section */
		7FA779EC1E7CE1DF00050A6A /* PBXTargetDependency */ = {
			isa = PBXTargetDependency;
			target = 7FA779D01E7CE1DF00050A6A /* ILDiligence */;
			targetProxy = 7FA779EB1E7CE1DF00050A6A /* PBXContainerItemProxy */;
		};
		7FA779F71E7CE1DF00050A6A /* PBXTargetDependency */ = {
			isa = PBXTargetDependency;
			target = 7FA779D01E7CE1DF00050A6A /* ILDiligence */;
			targetProxy = 7FA779F61E7CE1DF00050A6A /* PBXContainerItemProxy */;
		};
/* End PBXTargetDependency section */

/* Begin PBXVariantGroup section */
		7FA779DD1E7CE1DF00050A6A /* Main.storyboard */ = {
			isa = PBXVariantGroup;
			children = (
				7FA779DE1E7CE1DF00050A6A /* Base */,
			);
			name = Main.storyboard;
			sourceTree = "<group>";
		};
		7FA779E21E7CE1DF00050A6A /* LaunchScreen.storyboard */ = {
			isa = PBXVariantGroup;
			children = (
				7FA779E31E7CE1DF00050A6A /* Base */,
			);
			name = LaunchScreen.storyboard;
			sourceTree = "<group>";
		};
/* End PBXVariantGroup section */

/* Begin XCBuildConfiguration section */
		7FA779FC1E7CE1DF00050A6A /* Debug */ = {
			isa = XCBuildConfiguration;
			buildSettings = {
				ALWAYS_SEARCH_USER_PATHS = NO;
				CLANG_ANALYZER_NONNULL = YES;
				CLANG_CXX_LANGUAGE_STANDARD = "gnu++0x";
				CLANG_CXX_LIBRARY = "libc++";
				CLANG_ENABLE_MODULES = YES;
				CLANG_ENABLE_OBJC_ARC = YES;
				CLANG_WARN_BOOL_CONVERSION = YES;
				CLANG_WARN_CONSTANT_CONVERSION = YES;
				CLANG_WARN_DIRECT_OBJC_ISA_USAGE = YES_ERROR;
				CLANG_WARN_DOCUMENTATION_COMMENTS = YES;
				CLANG_WARN_EMPTY_BODY = YES;
				CLANG_WARN_ENUM_CONVERSION = YES;
				CLANG_WARN_INFINITE_RECURSION = YES;
				CLANG_WARN_INT_CONVERSION = YES;
				CLANG_WARN_OBJC_ROOT_CLASS = YES_ERROR;
				CLANG_WARN_SUSPICIOUS_MOVE = YES;
				CLANG_WARN_UNREACHABLE_CODE = YES;
				CLANG_WARN__DUPLICATE_METHOD_MATCH = YES;
				"CODE_SIGN_IDENTITY[sdk=iphoneos*]" = "iPhone Developer";
				COPY_PHASE_STRIP = NO;
				DEBUG_INFORMATION_FORMAT = dwarf;
				ENABLE_STRICT_OBJC_MSGSEND = YES;
				ENABLE_TESTABILITY = YES;
				GCC_C_LANGUAGE_STANDARD = gnu99;
				GCC_DYNAMIC_NO_PIC = NO;
				GCC_NO_COMMON_BLOCKS = YES;
				GCC_OPTIMIZATION_LEVEL = 0;
				GCC_PREFIX_HEADER = ILDiligence/PrefixHeader.pch;
				GCC_PREPROCESSOR_DEFINITIONS = (
					"DEBUG=1",
					"$(inherited)",
				);
				GCC_WARN_64_TO_32_BIT_CONVERSION = YES;
				GCC_WARN_ABOUT_RETURN_TYPE = YES_ERROR;
				GCC_WARN_UNDECLARED_SELECTOR = YES;
				GCC_WARN_UNINITIALIZED_AUTOS = YES_AGGRESSIVE;
				GCC_WARN_UNUSED_FUNCTION = YES;
				GCC_WARN_UNUSED_VARIABLE = YES;
				IPHONEOS_DEPLOYMENT_TARGET = 10.2;
				MTL_ENABLE_DEBUG_INFO = YES;
				ONLY_ACTIVE_ARCH = YES;
				SDKROOT = iphoneos;
				TARGETED_DEVICE_FAMILY = "1,2";
			};
			name = Debug;
		};
		7FA779FD1E7CE1DF00050A6A /* Release */ = {
			isa = XCBuildConfiguration;
			buildSettings = {
				ALWAYS_SEARCH_USER_PATHS = NO;
				CLANG_ANALYZER_NONNULL = YES;
				CLANG_CXX_LANGUAGE_STANDARD = "gnu++0x";
				CLANG_CXX_LIBRARY = "libc++";
				CLANG_ENABLE_MODULES = YES;
				CLANG_ENABLE_OBJC_ARC = YES;
				CLANG_WARN_BOOL_CONVERSION = YES;
				CLANG_WARN_CONSTANT_CONVERSION = YES;
				CLANG_WARN_DIRECT_OBJC_ISA_USAGE = YES_ERROR;
				CLANG_WARN_DOCUMENTATION_COMMENTS = YES;
				CLANG_WARN_EMPTY_BODY = YES;
				CLANG_WARN_ENUM_CONVERSION = YES;
				CLANG_WARN_INFINITE_RECURSION = YES;
				CLANG_WARN_INT_CONVERSION = YES;
				CLANG_WARN_OBJC_ROOT_CLASS = YES_ERROR;
				CLANG_WARN_SUSPICIOUS_MOVE = YES;
				CLANG_WARN_UNREACHABLE_CODE = YES;
				CLANG_WARN__DUPLICATE_METHOD_MATCH = YES;
				"CODE_SIGN_IDENTITY[sdk=iphoneos*]" = "iPhone Developer";
				COPY_PHASE_STRIP = NO;
				DEBUG_INFORMATION_FORMAT = "dwarf-with-dsym";
				ENABLE_NS_ASSERTIONS = NO;
				ENABLE_STRICT_OBJC_MSGSEND = YES;
				GCC_C_LANGUAGE_STANDARD = gnu99;
				GCC_NO_COMMON_BLOCKS = YES;
				GCC_PREFIX_HEADER = ILDiligence/PrefixHeader.pch;
				GCC_WARN_64_TO_32_BIT_CONVERSION = YES;
				GCC_WARN_ABOUT_RETURN_TYPE = YES_ERROR;
				GCC_WARN_UNDECLARED_SELECTOR = YES;
				GCC_WARN_UNINITIALIZED_AUTOS = YES_AGGRESSIVE;
				GCC_WARN_UNUSED_FUNCTION = YES;
				GCC_WARN_UNUSED_VARIABLE = YES;
				IPHONEOS_DEPLOYMENT_TARGET = 10.2;
				MTL_ENABLE_DEBUG_INFO = NO;
				SDKROOT = iphoneos;
				TARGETED_DEVICE_FAMILY = "1,2";
				VALIDATE_PRODUCT = YES;
			};
			name = Release;
		};
		7FA779FF1E7CE1DF00050A6A /* Debug */ = {
			isa = XCBuildConfiguration;
			baseConfigurationReference = E1AA241BCFE4559E59A17792 /* Pods-sharedPods-ILDiligence.debug.xcconfig */;
			buildSettings = {
				ALWAYS_EMBED_SWIFT_STANDARD_LIBRARIES = "$(inherited)";
				ASSETCATALOG_COMPILER_APPICON_NAME = AppIcon;
				DEVELOPMENT_TEAM = 86MNLPUJYP;
				INFOPLIST_FILE = ILDiligence/Info.plist;
				LD_RUNPATH_SEARCH_PATHS = "$(inherited) @executable_path/Frameworks";
				PRODUCT_BUNDLE_IDENTIFIER = com.inspirelife.ILDiligence;
				PRODUCT_NAME = "$(TARGET_NAME)";
				SWIFT_VERSION = 3.0;
			};
			name = Debug;
		};
		7FA77A001E7CE1DF00050A6A /* Release */ = {
			isa = XCBuildConfiguration;
			baseConfigurationReference = 229D9AE58422A2BFC110C8F6 /* Pods-sharedPods-ILDiligence.release.xcconfig */;
			buildSettings = {
				ALWAYS_EMBED_SWIFT_STANDARD_LIBRARIES = "$(inherited)";
				ASSETCATALOG_COMPILER_APPICON_NAME = AppIcon;
				DEVELOPMENT_TEAM = 86MNLPUJYP;
				INFOPLIST_FILE = ILDiligence/Info.plist;
				LD_RUNPATH_SEARCH_PATHS = "$(inherited) @executable_path/Frameworks";
				PRODUCT_BUNDLE_IDENTIFIER = com.inspirelife.ILDiligence;
				PRODUCT_NAME = "$(TARGET_NAME)";
				SWIFT_VERSION = 3.0;
			};
			name = Release;
		};
		7FA77A021E7CE1DF00050A6A /* Debug */ = {
			isa = XCBuildConfiguration;
			buildSettings = {
				BUNDLE_LOADER = "$(TEST_HOST)";
				DEVELOPMENT_TEAM = 86MNLPUJYP;
				INFOPLIST_FILE = ILDiligenceTests/Info.plist;
				LD_RUNPATH_SEARCH_PATHS = "$(inherited) @executable_path/Frameworks @loader_path/Frameworks";
				PRODUCT_BUNDLE_IDENTIFIER = com.inspirelife.ILDiligenceTests;
				PRODUCT_NAME = "$(TARGET_NAME)";
				TEST_HOST = "$(BUILT_PRODUCTS_DIR)/ILDiligence.app/ILDiligence";
			};
			name = Debug;
		};
		7FA77A031E7CE1DF00050A6A /* Release */ = {
			isa = XCBuildConfiguration;
			buildSettings = {
				BUNDLE_LOADER = "$(TEST_HOST)";
				DEVELOPMENT_TEAM = 86MNLPUJYP;
				INFOPLIST_FILE = ILDiligenceTests/Info.plist;
				LD_RUNPATH_SEARCH_PATHS = "$(inherited) @executable_path/Frameworks @loader_path/Frameworks";
				PRODUCT_BUNDLE_IDENTIFIER = com.inspirelife.ILDiligenceTests;
				PRODUCT_NAME = "$(TARGET_NAME)";
				TEST_HOST = "$(BUILT_PRODUCTS_DIR)/ILDiligence.app/ILDiligence";
			};
			name = Release;
		};
		7FA77A051E7CE1DF00050A6A /* Debug */ = {
			isa = XCBuildConfiguration;
			buildSettings = {
				DEVELOPMENT_TEAM = 86MNLPUJYP;
				INFOPLIST_FILE = ILDiligenceUITests/Info.plist;
				LD_RUNPATH_SEARCH_PATHS = "$(inherited) @executable_path/Frameworks @loader_path/Frameworks";
				PRODUCT_BUNDLE_IDENTIFIER = com.inspirelife.ILDiligenceUITests;
				PRODUCT_NAME = "$(TARGET_NAME)";
				TEST_TARGET_NAME = ILDiligence;
			};
			name = Debug;
		};
		7FA77A061E7CE1DF00050A6A /* Release */ = {
			isa = XCBuildConfiguration;
			buildSettings = {
				DEVELOPMENT_TEAM = 86MNLPUJYP;
				INFOPLIST_FILE = ILDiligenceUITests/Info.plist;
				LD_RUNPATH_SEARCH_PATHS = "$(inherited) @executable_path/Frameworks @loader_path/Frameworks";
				PRODUCT_BUNDLE_IDENTIFIER = com.inspirelife.ILDiligenceUITests;
				PRODUCT_NAME = "$(TARGET_NAME)";
				TEST_TARGET_NAME = ILDiligence;
			};
			name = Release;
		};
/* End XCBuildConfiguration section */

/* Begin XCConfigurationList section */
		7FA779CC1E7CE1DF00050A6A /* Build configuration list for PBXProject "ILDiligence" */ = {
			isa = XCConfigurationList;
			buildConfigurations = (
				7FA779FC1E7CE1DF00050A6A /* Debug */,
				7FA779FD1E7CE1DF00050A6A /* Release */,
			);
			defaultConfigurationIsVisible = 0;
			defaultConfigurationName = Release;
		};
		7FA779FE1E7CE1DF00050A6A /* Build configuration list for PBXNativeTarget "ILDiligence" */ = {
			isa = XCConfigurationList;
			buildConfigurations = (
				7FA779FF1E7CE1DF00050A6A /* Debug */,
				7FA77A001E7CE1DF00050A6A /* Release */,
			);
			defaultConfigurationIsVisible = 0;
			defaultConfigurationName = Release;
		};
		7FA77A011E7CE1DF00050A6A /* Build configuration list for PBXNativeTarget "ILDiligenceTests" */ = {
			isa = XCConfigurationList;
			buildConfigurations = (
				7FA77A021E7CE1DF00050A6A /* Debug */,
				7FA77A031E7CE1DF00050A6A /* Release */,
			);
			defaultConfigurationIsVisible = 0;
			defaultConfigurationName = Release;
		};
		7FA77A041E7CE1DF00050A6A /* Build configuration list for PBXNativeTarget "ILDiligenceUITests" */ = {
			isa = XCConfigurationList;
			buildConfigurations = (
				7FA77A051E7CE1DF00050A6A /* Debug */,
				7FA77A061E7CE1DF00050A6A /* Release */,
			);
			defaultConfigurationIsVisible = 0;
			defaultConfigurationName = Release;
		};
/* End XCConfigurationList section */
	};
	rootObject = 7FA779C91E7CE1DF00050A6A /* Project object */;
}
